// !$*UTF8*$!
{
	archiveVersion = 1;
	classes = {
	};
	objectVersion = 46;
	objects = {

/* Begin PBXBuildFile section */
		1A4439E31D05772E00E96873 /* Game.storyboard in Resources */ = {isa = PBXBuildFile; fileRef = 1A4439E21D05772E00E96873 /* Game.storyboard */; };
		1A4439E81D05881C00E96873 /* SESessionOperationsDispatcher.m in Sources */ = {isa = PBXBuildFile; fileRef = 1A4439E71D05881C00E96873 /* SESessionOperationsDispatcher.m */; };
		1A5BC3E01D0C491E004165EE /* SENewQuestionParams.m in Sources */ = {isa = PBXBuildFile; fileRef = 1A5BC3DF1D0C491E004165EE /* SENewQuestionParams.m */; };
		1A5BC3E41D0C5119004165EE /* SEAddQuestionViewController.m in Sources */ = {isa = PBXBuildFile; fileRef = 1A5BC3E31D0C5119004165EE /* SEAddQuestionViewController.m */; };
		1A5BC3E81D0C513E004165EE /* SEAddQuestionViewModel.m in Sources */ = {isa = PBXBuildFile; fileRef = 1A5BC3E71D0C513E004165EE /* SEAddQuestionViewModel.m */; };
		1A5BC3EB1D0C6436004165EE /* SEQuestionSerializer.m in Sources */ = {isa = PBXBuildFile; fileRef = 1A5BC3EA1D0C6436004165EE /* SEQuestionSerializer.m */; };
		1A5BC3EE1D0C64DB004165EE /* SEQuestion.m in Sources */ = {isa = PBXBuildFile; fileRef = 1A5BC3ED1D0C64DB004165EE /* SEQuestion.m */; };
		1A5BC3F11D0C6A77004165EE /* SEQuestionOperationsDispatcher.m in Sources */ = {isa = PBXBuildFile; fileRef = 1A5BC3F01D0C6A77004165EE /* SEQuestionOperationsDispatcher.m */; };
		1A5BC3F51D0C9647004165EE /* SESettingsViewController.m in Sources */ = {isa = PBXBuildFile; fileRef = 1A5BC3F41D0C9647004165EE /* SESettingsViewController.m */; };
		1A5BC3F91D0C966A004165EE /* SESettingsViewModel.m in Sources */ = {isa = PBXBuildFile; fileRef = 1A5BC3F81D0C966A004165EE /* SESettingsViewModel.m */; };
		1A5BC3FE1D0D94F1004165EE /* SEEditProfileViewController.m in Sources */ = {isa = PBXBuildFile; fileRef = 1A5BC3FD1D0D94F1004165EE /* SEEditProfileViewController.m */; };
		1A5BC4011D0D9505004165EE /* SEEditProfileViewModel.m in Sources */ = {isa = PBXBuildFile; fileRef = 1A5BC4001D0D9505004165EE /* SEEditProfileViewModel.m */; };
		1A5BC4051D0DAD7D004165EE /* SESplashViewController.m in Sources */ = {isa = PBXBuildFile; fileRef = 1A5BC4041D0DAD7D004165EE /* SESplashViewController.m */; };
		1A5BC4081D0DB593004165EE /* SEUserOperationsDispatcher.m in Sources */ = {isa = PBXBuildFile; fileRef = 1A5BC4071D0DB593004165EE /* SEUserOperationsDispatcher.m */; };
		1A5BC40B1D0E062F004165EE /* SEFriendshipsSerializer.m in Sources */ = {isa = PBXBuildFile; fileRef = 1A5BC40A1D0E062F004165EE /* SEFriendshipsSerializer.m */; };
		1A5BC40E1D0E087B004165EE /* SEFriendship.m in Sources */ = {isa = PBXBuildFile; fileRef = 1A5BC40D1D0E087B004165EE /* SEFriendship.m */; };
		1A5BC4121D0E22DF004165EE /* SEFriendshipsViewControllerTableViewController.m in Sources */ = {isa = PBXBuildFile; fileRef = 1A5BC4111D0E22DF004165EE /* SEFriendshipsViewControllerTableViewController.m */; };
		1A5BC4161D0E244B004165EE /* SEFriendshipViewModel.m in Sources */ = {isa = PBXBuildFile; fileRef = 1A5BC4151D0E244B004165EE /* SEFriendshipViewModel.m */; };
		1A5BC41D1D0E9DF2004165EE /* SETableViewCell.m in Sources */ = {isa = PBXBuildFile; fileRef = 1A5BC41C1D0E9DF2004165EE /* SETableViewCell.m */; };
		1A5BC4261D0EA1C9004165EE /* SEFriendshipCell.m in Sources */ = {isa = PBXBuildFile; fileRef = 1A5BC4251D0EA1C9004165EE /* SEFriendshipCell.m */; };
		1A5BC4281D0EA1ED004165EE /* FriendshipCell.xib in Resources */ = {isa = PBXBuildFile; fileRef = 1A5BC4271D0EA1ED004165EE /* FriendshipCell.xib */; };
		1A5BC42B1D0EA55B004165EE /* SEFriendshipCellViewModel.m in Sources */ = {isa = PBXBuildFile; fileRef = 1A5BC42A1D0EA55B004165EE /* SEFriendshipCellViewModel.m */; };
		1A5BC42F1D0EB99B004165EE /* SEFriendshipsService.m in Sources */ = {isa = PBXBuildFile; fileRef = 1A5BC42E1D0EB99B004165EE /* SEFriendshipsService.m */; };
		1AB7826D1D0566DD002E0DA6 /* SERegisterViewModel.m in Sources */ = {isa = PBXBuildFile; fileRef = 1AB7826C1D0566DD002E0DA6 /* SERegisterViewModel.m */; };
		1AB8BA771D06D27F00B6F698 /* NSString+Validation.m in Sources */ = {isa = PBXBuildFile; fileRef = 1AB8BA761D06D27F00B6F698 /* NSString+Validation.m */; };
		1AB8BA7A1D06D94800B6F698 /* UIAlertController+Errors.m in Sources */ = {isa = PBXBuildFile; fileRef = 1AB8BA791D06D94800B6F698 /* UIAlertController+Errors.m */; };
		1AB8BA7D1D06DA5800B6F698 /* SEAccount.m in Sources */ = {isa = PBXBuildFile; fileRef = 1AB8BA7C1D06DA5800B6F698 /* SEAccount.m */; };
		1AB8BA821D0723D600B6F698 /* SELoginViewModel.m in Sources */ = {isa = PBXBuildFile; fileRef = 1AB8BA811D0723D600B6F698 /* SELoginViewModel.m */; };
		1AC188A31D04541C00FB5B3E /* SELoginViewController.m in Sources */ = {isa = PBXBuildFile; fileRef = 1AC188A21D04541C00FB5B3E /* SELoginViewController.m */; };
		1AC188A61D04547400FB5B3E /* SERegisterViewController.m in Sources */ = {isa = PBXBuildFile; fileRef = 1AC188A51D04547400FB5B3E /* SERegisterViewController.m */; };
		1AC1D7241CD7678A00F9723A /* SEEnvironment.m in Sources */ = {isa = PBXBuildFile; fileRef = 1AC1D7231CD7678A00F9723A /* SEEnvironment.m */; };
		1AC1D7261CD773EA00F9723A /* Configuration.plist in Resources */ = {isa = PBXBuildFile; fileRef = 1AC1D7251CD773EA00F9723A /* Configuration.plist */; };
		1AC1D72D1CD777B900F9723A /* SEApiClient.m in Sources */ = {isa = PBXBuildFile; fileRef = 1AC1D72C1CD777B900F9723A /* SEApiClient.m */; };
		1AC1D7311CD7D23A00F9723A /* SERequests.m in Sources */ = {isa = PBXBuildFile; fileRef = 1AC1D7301CD7D23A00F9723A /* SERequests.m */; };
		1AC1D7341CD7D38000F9723A /* SEUser.m in Sources */ = {isa = PBXBuildFile; fileRef = 1AC1D7331CD7D38000F9723A /* SEUser.m */; };
		1AC1D73A1CD7D63C00F9723A /* SELoginUserParams.m in Sources */ = {isa = PBXBuildFile; fileRef = 1AC1D7391CD7D63C00F9723A /* SELoginUserParams.m */; };
		1AC1D73D1CD7D8F700F9723A /* SERegisterUserParams.m in Sources */ = {isa = PBXBuildFile; fileRef = 1AC1D73C1CD7D8F700F9723A /* SERegisterUserParams.m */; };
		1AC1D7401CD7DDBB00F9723A /* SEJSONResponseSerializer.m in Sources */ = {isa = PBXBuildFile; fileRef = 1AC1D73F1CD7DDBB00F9723A /* SEJSONResponseSerializer.m */; };
		1AC1D7431CD7E07900F9723A /* SEUserSerializer.m in Sources */ = {isa = PBXBuildFile; fileRef = 1AC1D7421CD7E07900F9723A /* SEUserSerializer.m */; };
		BD304C8118E672EA0034105E /* SEDummySpec.m in Sources */ = {isa = PBXBuildFile; fileRef = BD304C8018E672EA0034105E /* SEDummySpec.m */; };
		BD304C8318E77F7E0034105E /* Settings.bundle in Resources */ = {isa = PBXBuildFile; fileRef = BD304C8218E77F7E0034105E /* Settings.bundle */; };
		BD6951CF18EA4B0800F2F410 /* main.m in Sources */ = {isa = PBXBuildFile; fileRef = BD6951CE18EA4B0800F2F410 /* main.m */; };
		BD934CD419C211F600B48551 /* AssetCatalogIdentifiers.m in Sources */ = {isa = PBXBuildFile; fileRef = BD934CD119C211F600B48551 /* AssetCatalogIdentifiers.m */; };
		BD934CD519C211F600B48551 /* StoryboardIdentifiers.m in Sources */ = {isa = PBXBuildFile; fileRef = BD934CD319C211F600B48551 /* StoryboardIdentifiers.m */; };
		BDDB996318C3943B003EBC42 /* SEAppDelegate.m in Sources */ = {isa = PBXBuildFile; fileRef = BDDB996218C3943B003EBC42 /* SEAppDelegate.m */; };
		BDDB996C18C3943B003EBC42 /* SEViewController.m in Sources */ = {isa = PBXBuildFile; fileRef = BDDB996B18C3943B003EBC42 /* SEViewController.m */; };
		BDDB996E18C3943B003EBC42 /* Images.xcassets in Resources */ = {isa = PBXBuildFile; fileRef = BDDB996D18C3943B003EBC42 /* Images.xcassets */; };
		BDF68AF11B713C3400153C8D /* Main.storyboard in Resources */ = {isa = PBXBuildFile; fileRef = BDF68AF01B713C3400153C8D /* Main.storyboard */; };
		BDF68AF31B713C6200153C8D /* LaunchScreen.xib in Resources */ = {isa = PBXBuildFile; fileRef = BDF68AF21B713C6200153C8D /* LaunchScreen.xib */; };
		BE300745DE41526506959DB6 /* libPods-Sema.a in Frameworks */ = {isa = PBXBuildFile; fileRef = 7571BC52D496B41A46A5ADF5 /* libPods-Sema.a */; };
/* End PBXBuildFile section */

/* Begin PBXContainerItemProxy section */
		BDDB997818C3943B003EBC42 /* PBXContainerItemProxy */ = {
			isa = PBXContainerItemProxy;
			containerPortal = BDDB994718C3943B003EBC42 /* Project object */;
			proxyType = 1;
			remoteGlobalIDString = BDDB994E18C3943B003EBC42;
			remoteInfo = Sema;
		};
/* End PBXContainerItemProxy section */

/* Begin PBXFileReference section */
		1A4439E21D05772E00E96873 /* Game.storyboard */ = {isa = PBXFileReference; fileEncoding = 4; lastKnownFileType = file.storyboard; path = Game.storyboard; sourceTree = "<group>"; };
		1A4439E61D05881C00E96873 /* SESessionOperationsDispatcher.h */ = {isa = PBXFileReference; fileEncoding = 4; lastKnownFileType = sourcecode.c.h; path = SESessionOperationsDispatcher.h; sourceTree = "<group>"; };
		1A4439E71D05881C00E96873 /* SESessionOperationsDispatcher.m */ = {isa = PBXFileReference; fileEncoding = 4; lastKnownFileType = sourcecode.c.objc; path = SESessionOperationsDispatcher.m; sourceTree = "<group>"; };
		1A5BC3DE1D0C491E004165EE /* SENewQuestionParams.h */ = {isa = PBXFileReference; fileEncoding = 4; lastKnownFileType = sourcecode.c.h; path = SENewQuestionParams.h; sourceTree = "<group>"; };
		1A5BC3DF1D0C491E004165EE /* SENewQuestionParams.m */ = {isa = PBXFileReference; fileEncoding = 4; lastKnownFileType = sourcecode.c.objc; path = SENewQuestionParams.m; sourceTree = "<group>"; };
		1A5BC3E21D0C5119004165EE /* SEAddQuestionViewController.h */ = {isa = PBXFileReference; fileEncoding = 4; lastKnownFileType = sourcecode.c.h; path = SEAddQuestionViewController.h; sourceTree = "<group>"; };
		1A5BC3E31D0C5119004165EE /* SEAddQuestionViewController.m */ = {isa = PBXFileReference; fileEncoding = 4; lastKnownFileType = sourcecode.c.objc; path = SEAddQuestionViewController.m; sourceTree = "<group>"; };
		1A5BC3E61D0C513E004165EE /* SEAddQuestionViewModel.h */ = {isa = PBXFileReference; fileEncoding = 4; lastKnownFileType = sourcecode.c.h; path = SEAddQuestionViewModel.h; sourceTree = "<group>"; };
		1A5BC3E71D0C513E004165EE /* SEAddQuestionViewModel.m */ = {isa = PBXFileReference; fileEncoding = 4; lastKnownFileType = sourcecode.c.objc; path = SEAddQuestionViewModel.m; sourceTree = "<group>"; };
		1A5BC3E91D0C6436004165EE /* SEQuestionSerializer.h */ = {isa = PBXFileReference; fileEncoding = 4; lastKnownFileType = sourcecode.c.h; path = SEQuestionSerializer.h; sourceTree = "<group>"; };
		1A5BC3EA1D0C6436004165EE /* SEQuestionSerializer.m */ = {isa = PBXFileReference; fileEncoding = 4; lastKnownFileType = sourcecode.c.objc; path = SEQuestionSerializer.m; sourceTree = "<group>"; };
		1A5BC3EC1D0C64DB004165EE /* SEQuestion.h */ = {isa = PBXFileReference; fileEncoding = 4; lastKnownFileType = sourcecode.c.h; path = SEQuestion.h; sourceTree = "<group>"; };
		1A5BC3ED1D0C64DB004165EE /* SEQuestion.m */ = {isa = PBXFileReference; fileEncoding = 4; lastKnownFileType = sourcecode.c.objc; path = SEQuestion.m; sourceTree = "<group>"; };
		1A5BC3EF1D0C6A77004165EE /* SEQuestionOperationsDispatcher.h */ = {isa = PBXFileReference; fileEncoding = 4; lastKnownFileType = sourcecode.c.h; path = SEQuestionOperationsDispatcher.h; sourceTree = "<group>"; };
		1A5BC3F01D0C6A77004165EE /* SEQuestionOperationsDispatcher.m */ = {isa = PBXFileReference; fileEncoding = 4; lastKnownFileType = sourcecode.c.objc; path = SEQuestionOperationsDispatcher.m; sourceTree = "<group>"; };
		1A5BC3F31D0C9647004165EE /* SESettingsViewController.h */ = {isa = PBXFileReference; fileEncoding = 4; lastKnownFileType = sourcecode.c.h; path = SESettingsViewController.h; sourceTree = "<group>"; };
		1A5BC3F41D0C9647004165EE /* SESettingsViewController.m */ = {isa = PBXFileReference; fileEncoding = 4; lastKnownFileType = sourcecode.c.objc; path = SESettingsViewController.m; sourceTree = "<group>"; };
		1A5BC3F71D0C966A004165EE /* SESettingsViewModel.h */ = {isa = PBXFileReference; fileEncoding = 4; lastKnownFileType = sourcecode.c.h; path = SESettingsViewModel.h; sourceTree = "<group>"; };
		1A5BC3F81D0C966A004165EE /* SESettingsViewModel.m */ = {isa = PBXFileReference; fileEncoding = 4; lastKnownFileType = sourcecode.c.objc; path = SESettingsViewModel.m; sourceTree = "<group>"; };
		1A5BC3FC1D0D94F1004165EE /* SEEditProfileViewController.h */ = {isa = PBXFileReference; fileEncoding = 4; lastKnownFileType = sourcecode.c.h; path = SEEditProfileViewController.h; sourceTree = "<group>"; };
		1A5BC3FD1D0D94F1004165EE /* SEEditProfileViewController.m */ = {isa = PBXFileReference; fileEncoding = 4; lastKnownFileType = sourcecode.c.objc; path = SEEditProfileViewController.m; sourceTree = "<group>"; };
		1A5BC3FF1D0D9505004165EE /* SEEditProfileViewModel.h */ = {isa = PBXFileReference; fileEncoding = 4; lastKnownFileType = sourcecode.c.h; path = SEEditProfileViewModel.h; sourceTree = "<group>"; };
		1A5BC4001D0D9505004165EE /* SEEditProfileViewModel.m */ = {isa = PBXFileReference; fileEncoding = 4; lastKnownFileType = sourcecode.c.objc; path = SEEditProfileViewModel.m; sourceTree = "<group>"; };
		1A5BC4031D0DAD7D004165EE /* SESplashViewController.h */ = {isa = PBXFileReference; fileEncoding = 4; lastKnownFileType = sourcecode.c.h; path = SESplashViewController.h; sourceTree = "<group>"; };
		1A5BC4041D0DAD7D004165EE /* SESplashViewController.m */ = {isa = PBXFileReference; fileEncoding = 4; lastKnownFileType = sourcecode.c.objc; path = SESplashViewController.m; sourceTree = "<group>"; };
		1A5BC4061D0DB593004165EE /* SEUserOperationsDispatcher.h */ = {isa = PBXFileReference; fileEncoding = 4; lastKnownFileType = sourcecode.c.h; path = SEUserOperationsDispatcher.h; sourceTree = "<group>"; };
		1A5BC4071D0DB593004165EE /* SEUserOperationsDispatcher.m */ = {isa = PBXFileReference; fileEncoding = 4; lastKnownFileType = sourcecode.c.objc; path = SEUserOperationsDispatcher.m; sourceTree = "<group>"; };
		1A5BC4091D0E062F004165EE /* SEFriendshipsSerializer.h */ = {isa = PBXFileReference; fileEncoding = 4; lastKnownFileType = sourcecode.c.h; path = SEFriendshipsSerializer.h; sourceTree = "<group>"; };
		1A5BC40A1D0E062F004165EE /* SEFriendshipsSerializer.m */ = {isa = PBXFileReference; fileEncoding = 4; lastKnownFileType = sourcecode.c.objc; path = SEFriendshipsSerializer.m; sourceTree = "<group>"; };
		1A5BC40C1D0E087B004165EE /* SEFriendship.h */ = {isa = PBXFileReference; fileEncoding = 4; lastKnownFileType = sourcecode.c.h; path = SEFriendship.h; sourceTree = "<group>"; };
		1A5BC40D1D0E087B004165EE /* SEFriendship.m */ = {isa = PBXFileReference; fileEncoding = 4; lastKnownFileType = sourcecode.c.objc; path = SEFriendship.m; sourceTree = "<group>"; };
		1A5BC4101D0E22DF004165EE /* SEFriendshipsViewControllerTableViewController.h */ = {isa = PBXFileReference; fileEncoding = 4; lastKnownFileType = sourcecode.c.h; path = SEFriendshipsViewControllerTableViewController.h; sourceTree = "<group>"; };
		1A5BC4111D0E22DF004165EE /* SEFriendshipsViewControllerTableViewController.m */ = {isa = PBXFileReference; fileEncoding = 4; lastKnownFileType = sourcecode.c.objc; path = SEFriendshipsViewControllerTableViewController.m; sourceTree = "<group>"; };
		1A5BC4141D0E244B004165EE /* SEFriendshipViewModel.h */ = {isa = PBXFileReference; fileEncoding = 4; lastKnownFileType = sourcecode.c.h; path = SEFriendshipViewModel.h; sourceTree = "<group>"; };
		1A5BC4151D0E244B004165EE /* SEFriendshipViewModel.m */ = {isa = PBXFileReference; fileEncoding = 4; lastKnownFileType = sourcecode.c.objc; path = SEFriendshipViewModel.m; sourceTree = "<group>"; };
		1A5BC41B1D0E9DF2004165EE /* SETableViewCell.h */ = {isa = PBXFileReference; fileEncoding = 4; lastKnownFileType = sourcecode.c.h; path = SETableViewCell.h; sourceTree = "<group>"; };
		1A5BC41C1D0E9DF2004165EE /* SETableViewCell.m */ = {isa = PBXFileReference; fileEncoding = 4; lastKnownFileType = sourcecode.c.objc; path = SETableViewCell.m; sourceTree = "<group>"; };
		1A5BC4241D0EA1C9004165EE /* SEFriendshipCell.h */ = {isa = PBXFileReference; fileEncoding = 4; lastKnownFileType = sourcecode.c.h; path = SEFriendshipCell.h; sourceTree = "<group>"; };
		1A5BC4251D0EA1C9004165EE /* SEFriendshipCell.m */ = {isa = PBXFileReference; fileEncoding = 4; lastKnownFileType = sourcecode.c.objc; path = SEFriendshipCell.m; sourceTree = "<group>"; };
		1A5BC4271D0EA1ED004165EE /* FriendshipCell.xib */ = {isa = PBXFileReference; fileEncoding = 4; lastKnownFileType = file.xib; path = FriendshipCell.xib; sourceTree = "<group>"; };
		1A5BC4291D0EA55B004165EE /* SEFriendshipCellViewModel.h */ = {isa = PBXFileReference; fileEncoding = 4; lastKnownFileType = sourcecode.c.h; path = SEFriendshipCellViewModel.h; sourceTree = "<group>"; };
		1A5BC42A1D0EA55B004165EE /* SEFriendshipCellViewModel.m */ = {isa = PBXFileReference; fileEncoding = 4; lastKnownFileType = sourcecode.c.objc; path = SEFriendshipCellViewModel.m; sourceTree = "<group>"; };
		1A5BC42D1D0EB99B004165EE /* SEFriendshipsService.h */ = {isa = PBXFileReference; fileEncoding = 4; lastKnownFileType = sourcecode.c.h; path = SEFriendshipsService.h; sourceTree = "<group>"; };
		1A5BC42E1D0EB99B004165EE /* SEFriendshipsService.m */ = {isa = PBXFileReference; fileEncoding = 4; lastKnownFileType = sourcecode.c.objc; path = SEFriendshipsService.m; sourceTree = "<group>"; };
		1AB7826B1D0566DD002E0DA6 /* SERegisterViewModel.h */ = {isa = PBXFileReference; fileEncoding = 4; lastKnownFileType = sourcecode.c.h; path = SERegisterViewModel.h; sourceTree = "<group>"; };
		1AB7826C1D0566DD002E0DA6 /* SERegisterViewModel.m */ = {isa = PBXFileReference; fileEncoding = 4; lastKnownFileType = sourcecode.c.objc; path = SERegisterViewModel.m; sourceTree = "<group>"; };
		1AB8BA751D06D27F00B6F698 /* NSString+Validation.h */ = {isa = PBXFileReference; fileEncoding = 4; lastKnownFileType = sourcecode.c.h; path = "NSString+Validation.h"; sourceTree = "<group>"; };
		1AB8BA761D06D27F00B6F698 /* NSString+Validation.m */ = {isa = PBXFileReference; fileEncoding = 4; lastKnownFileType = sourcecode.c.objc; path = "NSString+Validation.m"; sourceTree = "<group>"; };
		1AB8BA781D06D94800B6F698 /* UIAlertController+Errors.h */ = {isa = PBXFileReference; fileEncoding = 4; lastKnownFileType = sourcecode.c.h; path = "UIAlertController+Errors.h"; sourceTree = "<group>"; };
		1AB8BA791D06D94800B6F698 /* UIAlertController+Errors.m */ = {isa = PBXFileReference; fileEncoding = 4; lastKnownFileType = sourcecode.c.objc; path = "UIAlertController+Errors.m"; sourceTree = "<group>"; };
		1AB8BA7B1D06DA5800B6F698 /* SEAccount.h */ = {isa = PBXFileReference; fileEncoding = 4; lastKnownFileType = sourcecode.c.h; path = SEAccount.h; sourceTree = "<group>"; };
		1AB8BA7C1D06DA5800B6F698 /* SEAccount.m */ = {isa = PBXFileReference; fileEncoding = 4; lastKnownFileType = sourcecode.c.objc; path = SEAccount.m; sourceTree = "<group>"; };
		1AB8BA801D0723D600B6F698 /* SELoginViewModel.h */ = {isa = PBXFileReference; fileEncoding = 4; lastKnownFileType = sourcecode.c.h; path = SELoginViewModel.h; sourceTree = "<group>"; };
		1AB8BA811D0723D600B6F698 /* SELoginViewModel.m */ = {isa = PBXFileReference; fileEncoding = 4; lastKnownFileType = sourcecode.c.objc; path = SELoginViewModel.m; sourceTree = "<group>"; };
		1AC188A11D04541C00FB5B3E /* SELoginViewController.h */ = {isa = PBXFileReference; fileEncoding = 4; lastKnownFileType = sourcecode.c.h; path = SELoginViewController.h; sourceTree = "<group>"; };
		1AC188A21D04541C00FB5B3E /* SELoginViewController.m */ = {isa = PBXFileReference; fileEncoding = 4; lastKnownFileType = sourcecode.c.objc; path = SELoginViewController.m; sourceTree = "<group>"; };
		1AC188A41D04547400FB5B3E /* SERegisterViewController.h */ = {isa = PBXFileReference; fileEncoding = 4; lastKnownFileType = sourcecode.c.h; path = SERegisterViewController.h; sourceTree = "<group>"; };
		1AC188A51D04547400FB5B3E /* SERegisterViewController.m */ = {isa = PBXFileReference; fileEncoding = 4; lastKnownFileType = sourcecode.c.objc; path = SERegisterViewController.m; sourceTree = "<group>"; };
		1AC1D7221CD7678A00F9723A /* SEEnvironment.h */ = {isa = PBXFileReference; fileEncoding = 4; lastKnownFileType = sourcecode.c.h; path = SEEnvironment.h; sourceTree = "<group>"; };
		1AC1D7231CD7678A00F9723A /* SEEnvironment.m */ = {isa = PBXFileReference; fileEncoding = 4; lastKnownFileType = sourcecode.c.objc; path = SEEnvironment.m; sourceTree = "<group>"; };
		1AC1D7251CD773EA00F9723A /* Configuration.plist */ = {isa = PBXFileReference; fileEncoding = 4; lastKnownFileType = text.plist.xml; path = Configuration.plist; sourceTree = "<group>"; };
		1AC1D72B1CD777B900F9723A /* SEApiClient.h */ = {isa = PBXFileReference; fileEncoding = 4; lastKnownFileType = sourcecode.c.h; path = SEApiClient.h; sourceTree = "<group>"; };
		1AC1D72C1CD777B900F9723A /* SEApiClient.m */ = {isa = PBXFileReference; fileEncoding = 4; lastKnownFileType = sourcecode.c.objc; path = SEApiClient.m; sourceTree = "<group>"; };
		1AC1D72F1CD7D23A00F9723A /* SERequests.h */ = {isa = PBXFileReference; fileEncoding = 4; lastKnownFileType = sourcecode.c.h; path = SERequests.h; sourceTree = "<group>"; };
		1AC1D7301CD7D23A00F9723A /* SERequests.m */ = {isa = PBXFileReference; fileEncoding = 4; lastKnownFileType = sourcecode.c.objc; path = SERequests.m; sourceTree = "<group>"; };
		1AC1D7321CD7D38000F9723A /* SEUser.h */ = {isa = PBXFileReference; fileEncoding = 4; lastKnownFileType = sourcecode.c.h; path = SEUser.h; sourceTree = "<group>"; };
		1AC1D7331CD7D38000F9723A /* SEUser.m */ = {isa = PBXFileReference; fileEncoding = 4; lastKnownFileType = sourcecode.c.objc; path = SEUser.m; sourceTree = "<group>"; };
		1AC1D7351CD7D5DE00F9723A /* SERequestParamsProtocol.h */ = {isa = PBXFileReference; fileEncoding = 4; lastKnownFileType = sourcecode.c.h; path = SERequestParamsProtocol.h; sourceTree = "<group>"; };
		1AC1D7381CD7D63C00F9723A /* SELoginUserParams.h */ = {isa = PBXFileReference; fileEncoding = 4; lastKnownFileType = sourcecode.c.h; path = SELoginUserParams.h; sourceTree = "<group>"; };
		1AC1D7391CD7D63C00F9723A /* SELoginUserParams.m */ = {isa = PBXFileReference; fileEncoding = 4; lastKnownFileType = sourcecode.c.objc; path = SELoginUserParams.m; sourceTree = "<group>"; };
		1AC1D73B1CD7D8F700F9723A /* SERegisterUserParams.h */ = {isa = PBXFileReference; fileEncoding = 4; lastKnownFileType = sourcecode.c.h; path = SERegisterUserParams.h; sourceTree = "<group>"; };
		1AC1D73C1CD7D8F700F9723A /* SERegisterUserParams.m */ = {isa = PBXFileReference; fileEncoding = 4; lastKnownFileType = sourcecode.c.objc; path = SERegisterUserParams.m; sourceTree = "<group>"; };
		1AC1D73E1CD7DDBB00F9723A /* SEJSONResponseSerializer.h */ = {isa = PBXFileReference; fileEncoding = 4; lastKnownFileType = sourcecode.c.h; path = SEJSONResponseSerializer.h; sourceTree = "<group>"; };
		1AC1D73F1CD7DDBB00F9723A /* SEJSONResponseSerializer.m */ = {isa = PBXFileReference; fileEncoding = 4; lastKnownFileType = sourcecode.c.objc; path = SEJSONResponseSerializer.m; sourceTree = "<group>"; };
		1AC1D7411CD7E07900F9723A /* SEUserSerializer.h */ = {isa = PBXFileReference; fileEncoding = 4; lastKnownFileType = sourcecode.c.h; path = SEUserSerializer.h; sourceTree = "<group>"; };
		1AC1D7421CD7E07900F9723A /* SEUserSerializer.m */ = {isa = PBXFileReference; fileEncoding = 4; lastKnownFileType = sourcecode.c.objc; path = SEUserSerializer.m; sourceTree = "<group>"; };
		629D431888F0A369A9259832 /* Pods-Sema.test_staging.xcconfig */ = {isa = PBXFileReference; includeInIndex = 1; lastKnownFileType = text.xcconfig; name = "Pods-Sema.test_staging.xcconfig"; path = "Pods/Target Support Files/Pods-Sema/Pods-Sema.test_staging.xcconfig"; sourceTree = "<group>"; };
		651157A0406A01719D20471F /* Pods-Sema.test_production.xcconfig */ = {isa = PBXFileReference; includeInIndex = 1; lastKnownFileType = text.xcconfig; name = "Pods-Sema.test_production.xcconfig"; path = "Pods/Target Support Files/Pods-Sema/Pods-Sema.test_production.xcconfig"; sourceTree = "<group>"; };
		65D6C5A3F357B669F53D9728 /* Pods-Sema.adhoc_production.xcconfig */ = {isa = PBXFileReference; includeInIndex = 1; lastKnownFileType = text.xcconfig; name = "Pods-Sema.adhoc_production.xcconfig"; path = "Pods/Target Support Files/Pods-Sema/Pods-Sema.adhoc_production.xcconfig"; sourceTree = "<group>"; };
		6AA66E91665142ABE23F0AB7 /* Pods-Sema.debug_staging.xcconfig */ = {isa = PBXFileReference; includeInIndex = 1; lastKnownFileType = text.xcconfig; name = "Pods-Sema.debug_staging.xcconfig"; path = "Pods/Target Support Files/Pods-Sema/Pods-Sema.debug_staging.xcconfig"; sourceTree = "<group>"; };
		734A6695A19D8ACA6D52F59A /* Pods-Sema.adhoc_staging.xcconfig */ = {isa = PBXFileReference; includeInIndex = 1; lastKnownFileType = text.xcconfig; name = "Pods-Sema.adhoc_staging.xcconfig"; path = "Pods/Target Support Files/Pods-Sema/Pods-Sema.adhoc_staging.xcconfig"; sourceTree = "<group>"; };
		7571BC52D496B41A46A5ADF5 /* libPods-Sema.a */ = {isa = PBXFileReference; explicitFileType = archive.ar; includeInIndex = 0; path = "libPods-Sema.a"; sourceTree = BUILT_PRODUCTS_DIR; };
		76299427AD6DF8A84EEA0FC4 /* Pods-Sema.profile_staging.xcconfig */ = {isa = PBXFileReference; includeInIndex = 1; lastKnownFileType = text.xcconfig; name = "Pods-Sema.profile_staging.xcconfig"; path = "Pods/Target Support Files/Pods-Sema/Pods-Sema.profile_staging.xcconfig"; sourceTree = "<group>"; };
		90215170E45C9E0161A1E3D2 /* Pods-Sema.debug_production.xcconfig */ = {isa = PBXFileReference; includeInIndex = 1; lastKnownFileType = text.xcconfig; name = "Pods-Sema.debug_production.xcconfig"; path = "Pods/Target Support Files/Pods-Sema/Pods-Sema.debug_production.xcconfig"; sourceTree = "<group>"; };
		BD304C8018E672EA0034105E /* SEDummySpec.m */ = {isa = PBXFileReference; fileEncoding = 4; lastKnownFileType = sourcecode.c.objc; path = SEDummySpec.m; sourceTree = "<group>"; };
		BD304C8218E77F7E0034105E /* Settings.bundle */ = {isa = PBXFileReference; lastKnownFileType = "wrapper.plug-in"; path = Settings.bundle; sourceTree = "<group>"; };
		BD35136419BE274A00A19841 /* SEConstants.h */ = {isa = PBXFileReference; fileEncoding = 4; lastKnownFileType = sourcecode.c.h; path = SEConstants.h; sourceTree = "<group>"; };
		BD49EA2C18EC842B00F73350 /* Sema-Environment.h */ = {isa = PBXFileReference; lastKnownFileType = sourcecode.c.h; path = "Sema-Environment.h"; sourceTree = "<group>"; };
		BD4E49501B8AC7BE004C140F /* Sema-Debug.xcconfig */ = {isa = PBXFileReference; lastKnownFileType = text.xcconfig; path = "Sema-Debug.xcconfig"; sourceTree = "<group>"; };
		BD4E49511B8AC7BE004C140F /* Sema-Profile.xcconfig */ = {isa = PBXFileReference; lastKnownFileType = text.xcconfig; path = "Sema-Profile.xcconfig"; sourceTree = "<group>"; };
		BD4E49521B8AC7BE004C140F /* Sema-Release.xcconfig */ = {isa = PBXFileReference; lastKnownFileType = text.xcconfig; path = "Sema-Release.xcconfig"; sourceTree = "<group>"; };
		BD4E49531B8AC7BE004C140F /* Sema-Test.xcconfig */ = {isa = PBXFileReference; lastKnownFileType = text.xcconfig; path = "Sema-Test.xcconfig"; sourceTree = "<group>"; };
		BD4E49541B8AC7BE004C140F /* Sema.xcconfig */ = {isa = PBXFileReference; lastKnownFileType = text.xcconfig; path = Sema.xcconfig; sourceTree = "<group>"; };
		BD4E49731B8AC7DC004C140F /* jspahrsummers-xcconfigs */ = {isa = PBXFileReference; lastKnownFileType = folder; path = "jspahrsummers-xcconfigs"; sourceTree = "<group>"; };
		BD574AFE18EA481500EDD66F /* Sema-Prefix.pch */ = {isa = PBXFileReference; fileEncoding = 4; lastKnownFileType = sourcecode.c.h; path = "Sema-Prefix.pch"; sourceTree = "<group>"; };
		BD6951CE18EA4B0800F2F410 /* main.m */ = {isa = PBXFileReference; fileEncoding = 4; lastKnownFileType = sourcecode.c.objc; path = main.m; sourceTree = "<group>"; };
		BD6951EA18EA54A800F2F410 /* Sema-Info.plist */ = {isa = PBXFileReference; lastKnownFileType = text.plist.xml; path = "Sema-Info.plist"; sourceTree = "<group>"; };
		BD934CD019C211F600B48551 /* AssetCatalogIdentifiers.h */ = {isa = PBXFileReference; fileEncoding = 4; lastKnownFileType = sourcecode.c.h; path = AssetCatalogIdentifiers.h; sourceTree = "<group>"; };
		BD934CD119C211F600B48551 /* AssetCatalogIdentifiers.m */ = {isa = PBXFileReference; fileEncoding = 4; lastKnownFileType = sourcecode.c.objc; path = AssetCatalogIdentifiers.m; sourceTree = "<group>"; };
		BD934CD219C211F600B48551 /* StoryboardIdentifiers.h */ = {isa = PBXFileReference; fileEncoding = 4; lastKnownFileType = sourcecode.c.h; path = StoryboardIdentifiers.h; sourceTree = "<group>"; };
		BD934CD319C211F600B48551 /* StoryboardIdentifiers.m */ = {isa = PBXFileReference; fileEncoding = 4; lastKnownFileType = sourcecode.c.objc; path = StoryboardIdentifiers.m; sourceTree = "<group>"; };
		BD9FFD9418E66DF4001DF6EC /* Specs-Prefix.pch */ = {isa = PBXFileReference; fileEncoding = 4; lastKnownFileType = sourcecode.c.h; path = "Specs-Prefix.pch"; sourceTree = "<group>"; };
		BDDB994F18C3943B003EBC42 /* Sema.app */ = {isa = PBXFileReference; explicitFileType = wrapper.application; includeInIndex = 0; path = Sema.app; sourceTree = BUILT_PRODUCTS_DIR; };
		BDDB996118C3943B003EBC42 /* SEAppDelegate.h */ = {isa = PBXFileReference; lastKnownFileType = sourcecode.c.h; path = SEAppDelegate.h; sourceTree = "<group>"; };
		BDDB996218C3943B003EBC42 /* SEAppDelegate.m */ = {isa = PBXFileReference; lastKnownFileType = sourcecode.c.objc; path = SEAppDelegate.m; sourceTree = "<group>"; };
		BDDB996A18C3943B003EBC42 /* SEViewController.h */ = {isa = PBXFileReference; fileEncoding = 4; lastKnownFileType = sourcecode.c.h; path = SEViewController.h; sourceTree = "<group>"; };
		BDDB996B18C3943B003EBC42 /* SEViewController.m */ = {isa = PBXFileReference; fileEncoding = 4; lastKnownFileType = sourcecode.c.objc; path = SEViewController.m; sourceTree = "<group>"; };
		BDDB996D18C3943B003EBC42 /* Images.xcassets */ = {isa = PBXFileReference; lastKnownFileType = folder.assetcatalog; path = Images.xcassets; sourceTree = "<group>"; };
		BDDB997318C3943B003EBC42 /* Specs.xctest */ = {isa = PBXFileReference; explicitFileType = wrapper.cfbundle; includeInIndex = 0; path = Specs.xctest; sourceTree = BUILT_PRODUCTS_DIR; };
		BDDB997C18C3943B003EBC42 /* Specs-Info.plist */ = {isa = PBXFileReference; lastKnownFileType = text.plist.xml; path = "Specs-Info.plist"; sourceTree = "<group>"; };
		BDF68AF01B713C3400153C8D /* Main.storyboard */ = {isa = PBXFileReference; fileEncoding = 4; lastKnownFileType = file.storyboard; name = Main.storyboard; path = Controllers/Main.storyboard; sourceTree = "<group>"; };
		BDF68AF21B713C6200153C8D /* LaunchScreen.xib */ = {isa = PBXFileReference; fileEncoding = 4; lastKnownFileType = file.xib; path = LaunchScreen.xib; sourceTree = "<group>"; };
		D9F8268D5065351F0F5CBBE1 /* Pods-Sema.distribution.xcconfig */ = {isa = PBXFileReference; includeInIndex = 1; lastKnownFileType = text.xcconfig; name = "Pods-Sema.distribution.xcconfig"; path = "Pods/Target Support Files/Pods-Sema/Pods-Sema.distribution.xcconfig"; sourceTree = "<group>"; };
		E6BAB3FAA275333377BA6AB7 /* Pods-Sema.profile_production.xcconfig */ = {isa = PBXFileReference; includeInIndex = 1; lastKnownFileType = text.xcconfig; name = "Pods-Sema.profile_production.xcconfig"; path = "Pods/Target Support Files/Pods-Sema/Pods-Sema.profile_production.xcconfig"; sourceTree = "<group>"; };
/* End PBXFileReference section */

/* Begin PBXFrameworksBuildPhase section */
		BDDB994C18C3943B003EBC42 /* Frameworks */ = {
			isa = PBXFrameworksBuildPhase;
			buildActionMask = 2147483647;
			files = (
				BE300745DE41526506959DB6 /* libPods-Sema.a in Frameworks */,
			);
			runOnlyForDeploymentPostprocessing = 0;
		};
		BDDB997018C3943B003EBC42 /* Frameworks */ = {
			isa = PBXFrameworksBuildPhase;
			buildActionMask = 2147483647;
			files = (
			);
			runOnlyForDeploymentPostprocessing = 0;
		};
/* End PBXFrameworksBuildPhase section */

/* Begin PBXGroup section */
		1A4439E41D05812000E96873 /* Helpers */ = {
			isa = PBXGroup;
			children = (
				1A4439E91D05899D00E96873 /* Validations */,
				1A4439E51D05862C00E96873 /* Operations */,
				1AB8BA7B1D06DA5800B6F698 /* SEAccount.h */,
				1AB8BA7C1D06DA5800B6F698 /* SEAccount.m */,
			);
			name = Helpers;
			sourceTree = "<group>";
		};
		1A4439E51D05862C00E96873 /* Operations */ = {
			isa = PBXGroup;
			children = (
				1A4439E61D05881C00E96873 /* SESessionOperationsDispatcher.h */,
				1A4439E71D05881C00E96873 /* SESessionOperationsDispatcher.m */,
				1A5BC3EF1D0C6A77004165EE /* SEQuestionOperationsDispatcher.h */,
				1A5BC3F01D0C6A77004165EE /* SEQuestionOperationsDispatcher.m */,
				1A5BC4061D0DB593004165EE /* SEUserOperationsDispatcher.h */,
				1A5BC4071D0DB593004165EE /* SEUserOperationsDispatcher.m */,
			);
			name = Operations;
			sourceTree = "<group>";
		};
		1A4439E91D05899D00E96873 /* Validations */ = {
			isa = PBXGroup;
			children = (
				1AB8BA751D06D27F00B6F698 /* NSString+Validation.h */,
				1AB8BA761D06D27F00B6F698 /* NSString+Validation.m */,
				1AB8BA781D06D94800B6F698 /* UIAlertController+Errors.h */,
				1AB8BA791D06D94800B6F698 /* UIAlertController+Errors.m */,
			);
			name = Validations;
			sourceTree = "<group>";
		};
		1A5BC3E11D0C4F30004165EE /* AddQuestion */ = {
			isa = PBXGroup;
			children = (
				1A5BC3E51D0C5127004165EE /* ViewModel */,
				1A5BC3E21D0C5119004165EE /* SEAddQuestionViewController.h */,
				1A5BC3E31D0C5119004165EE /* SEAddQuestionViewController.m */,
			);
			name = AddQuestion;
			sourceTree = "<group>";
		};
		1A5BC3E51D0C5127004165EE /* ViewModel */ = {
			isa = PBXGroup;
			children = (
				1A5BC3E61D0C513E004165EE /* SEAddQuestionViewModel.h */,
				1A5BC3E71D0C513E004165EE /* SEAddQuestionViewModel.m */,
			);
			name = ViewModel;
			sourceTree = "<group>";
		};
		1A5BC3F21D0C9623004165EE /* Settings */ = {
			isa = PBXGroup;
			children = (
				1A5BC3FA1D0D9499004165EE /* EditProfile */,
				1A5BC3F61D0C964B004165EE /* ViewModel */,
				1A5BC3F31D0C9647004165EE /* SESettingsViewController.h */,
				1A5BC3F41D0C9647004165EE /* SESettingsViewController.m */,
			);
			name = Settings;
			sourceTree = "<group>";
		};
		1A5BC3F61D0C964B004165EE /* ViewModel */ = {
			isa = PBXGroup;
			children = (
				1A5BC3F71D0C966A004165EE /* SESettingsViewModel.h */,
				1A5BC3F81D0C966A004165EE /* SESettingsViewModel.m */,
			);
			name = ViewModel;
			sourceTree = "<group>";
		};
		1A5BC3FA1D0D9499004165EE /* EditProfile */ = {
			isa = PBXGroup;
			children = (
				1A5BC3FB1D0D94A6004165EE /* ViewModel */,
				1A5BC3FC1D0D94F1004165EE /* SEEditProfileViewController.h */,
				1A5BC3FD1D0D94F1004165EE /* SEEditProfileViewController.m */,
			);
			name = EditProfile;
			sourceTree = "<group>";
		};
		1A5BC3FB1D0D94A6004165EE /* ViewModel */ = {
			isa = PBXGroup;
			children = (
				1A5BC3FF1D0D9505004165EE /* SEEditProfileViewModel.h */,
				1A5BC4001D0D9505004165EE /* SEEditProfileViewModel.m */,
			);
			name = ViewModel;
			sourceTree = "<group>";
		};
		1A5BC4021D0DAD4E004165EE /* Splash */ = {
			isa = PBXGroup;
			children = (
				1A5BC4031D0DAD7D004165EE /* SESplashViewController.h */,
				1A5BC4041D0DAD7D004165EE /* SESplashViewController.m */,
			);
			name = Splash;
			sourceTree = "<group>";
		};
		1A5BC40F1D0E22BF004165EE /* Friends */ = {
			isa = PBXGroup;
			children = (
				1A5BC41A1D0E9C4B004165EE /* Views */,
				1A5BC4131D0E2434004165EE /* ViewModel */,
				1A5BC4101D0E22DF004165EE /* SEFriendshipsViewControllerTableViewController.h */,
				1A5BC4111D0E22DF004165EE /* SEFriendshipsViewControllerTableViewController.m */,
			);
			name = Friends;
			sourceTree = "<group>";
		};
		1A5BC4131D0E2434004165EE /* ViewModel */ = {
			isa = PBXGroup;
			children = (
				1A5BC4141D0E244B004165EE /* SEFriendshipViewModel.h */,
				1A5BC4151D0E244B004165EE /* SEFriendshipViewModel.m */,
				1A5BC4291D0EA55B004165EE /* SEFriendshipCellViewModel.h */,
				1A5BC42A1D0EA55B004165EE /* SEFriendshipCellViewModel.m */,
			);
			name = ViewModel;
			sourceTree = "<group>";
		};
		1A5BC41A1D0E9C4B004165EE /* Views */ = {
			isa = PBXGroup;
			children = (
				1A5BC4241D0EA1C9004165EE /* SEFriendshipCell.h */,
				1A5BC4251D0EA1C9004165EE /* SEFriendshipCell.m */,
				1A5BC4271D0EA1ED004165EE /* FriendshipCell.xib */,
			);
			name = Views;
			sourceTree = "<group>";
		};
		1A5BC42C1D0EB97B004165EE /* Operations */ = {
			isa = PBXGroup;
			children = (
				1A5BC42D1D0EB99B004165EE /* SEFriendshipsService.h */,
				1A5BC42E1D0EB99B004165EE /* SEFriendshipsService.m */,
			);
			name = Operations;
			sourceTree = "<group>";
		};
		1AB782691D05640C002E0DA6 /* Register */ = {
			isa = PBXGroup;
			children = (
				1AB7826A1D056420002E0DA6 /* ViewModel */,
				1AC188A41D04547400FB5B3E /* SERegisterViewController.h */,
				1AC188A51D04547400FB5B3E /* SERegisterViewController.m */,
			);
			name = Register;
			sourceTree = "<group>";
		};
		1AB7826A1D056420002E0DA6 /* ViewModel */ = {
			isa = PBXGroup;
			children = (
				1AB7826B1D0566DD002E0DA6 /* SERegisterViewModel.h */,
				1AB7826C1D0566DD002E0DA6 /* SERegisterViewModel.m */,
			);
			name = ViewModel;
			sourceTree = "<group>";
		};
		1AB8BA7E1D0723AE00B6F698 /* Login */ = {
			isa = PBXGroup;
			children = (
				1AB8BA7F1D0723BB00B6F698 /* ViewModel */,
				1AC188A11D04541C00FB5B3E /* SELoginViewController.h */,
				1AC188A21D04541C00FB5B3E /* SELoginViewController.m */,
			);
			name = Login;
			sourceTree = "<group>";
		};
		1AB8BA7F1D0723BB00B6F698 /* ViewModel */ = {
			isa = PBXGroup;
			children = (
				1AB8BA801D0723D600B6F698 /* SELoginViewModel.h */,
				1AB8BA811D0723D600B6F698 /* SELoginViewModel.m */,
			);
			name = ViewModel;
			sourceTree = "<group>";
		};
		1AC1D7201CD762C400F9723A /* Storyboards */ = {
			isa = PBXGroup;
			children = (
				BDF68AF01B713C3400153C8D /* Main.storyboard */,
				1A4439E21D05772E00E96873 /* Game.storyboard */,
			);
			name = Storyboards;
			sourceTree = "<group>";
		};
		1AC1D7211CD7674300F9723A /* Environment */ = {
			isa = PBXGroup;
			children = (
				1AC1D7221CD7678A00F9723A /* SEEnvironment.h */,
				1AC1D7231CD7678A00F9723A /* SEEnvironment.m */,
				1AC1D7251CD773EA00F9723A /* Configuration.plist */,
			);
			name = Environment;
			sourceTree = "<group>";
		};
		1AC1D7271CD7775300F9723A /* API */ = {
			isa = PBXGroup;
			children = (
				1A5BC42C1D0EB97B004165EE /* Operations */,
				1AC1D7291CD7776200F9723A /* Params */,
				1AC1D7281CD7775B00F9723A /* Serializers */,
				1AC1D72B1CD777B900F9723A /* SEApiClient.h */,
				1AC1D72C1CD777B900F9723A /* SEApiClient.m */,
				1AC1D72F1CD7D23A00F9723A /* SERequests.h */,
				1AC1D7301CD7D23A00F9723A /* SERequests.m */,
			);
			name = API;
			sourceTree = "<group>";
		};
		1AC1D7281CD7775B00F9723A /* Serializers */ = {
			isa = PBXGroup;
			children = (
				1AC1D73E1CD7DDBB00F9723A /* SEJSONResponseSerializer.h */,
				1AC1D73F1CD7DDBB00F9723A /* SEJSONResponseSerializer.m */,
				1AC1D7411CD7E07900F9723A /* SEUserSerializer.h */,
				1AC1D7421CD7E07900F9723A /* SEUserSerializer.m */,
				1A5BC3E91D0C6436004165EE /* SEQuestionSerializer.h */,
				1A5BC3EA1D0C6436004165EE /* SEQuestionSerializer.m */,
				1A5BC4091D0E062F004165EE /* SEFriendshipsSerializer.h */,
				1A5BC40A1D0E062F004165EE /* SEFriendshipsSerializer.m */,
			);
			name = Serializers;
			sourceTree = "<group>";
		};
		1AC1D7291CD7776200F9723A /* Params */ = {
			isa = PBXGroup;
			children = (
				1AC1D7351CD7D5DE00F9723A /* SERequestParamsProtocol.h */,
				1AC1D7381CD7D63C00F9723A /* SELoginUserParams.h */,
				1AC1D7391CD7D63C00F9723A /* SELoginUserParams.m */,
				1AC1D73B1CD7D8F700F9723A /* SERegisterUserParams.h */,
				1AC1D73C1CD7D8F700F9723A /* SERegisterUserParams.m */,
				1A5BC3DE1D0C491E004165EE /* SENewQuestionParams.h */,
				1A5BC3DF1D0C491E004165EE /* SENewQuestionParams.m */,
			);
			name = Params;
			sourceTree = "<group>";
		};
		28BFB1F90D64811C3D106467 /* Pods */ = {
			isa = PBXGroup;
			children = (
				6AA66E91665142ABE23F0AB7 /* Pods-Sema.debug_staging.xcconfig */,
				90215170E45C9E0161A1E3D2 /* Pods-Sema.debug_production.xcconfig */,
				629D431888F0A369A9259832 /* Pods-Sema.test_staging.xcconfig */,
				651157A0406A01719D20471F /* Pods-Sema.test_production.xcconfig */,
				D9F8268D5065351F0F5CBBE1 /* Pods-Sema.distribution.xcconfig */,
				734A6695A19D8ACA6D52F59A /* Pods-Sema.adhoc_staging.xcconfig */,
				65D6C5A3F357B669F53D9728 /* Pods-Sema.adhoc_production.xcconfig */,
				76299427AD6DF8A84EEA0FC4 /* Pods-Sema.profile_staging.xcconfig */,
				E6BAB3FAA275333377BA6AB7 /* Pods-Sema.profile_production.xcconfig */,
			);
			name = Pods;
			sourceTree = "<group>";
		};
		AD6236FA553282BAB59269F4 /* Frameworks */ = {
			isa = PBXGroup;
			children = (
				7571BC52D496B41A46A5ADF5 /* libPods-Sema.a */,
			);
			name = Frameworks;
			sourceTree = "<group>";
		};
		BD3CA8BA18D8A68600C993E0 /* Resources */ = {
			isa = PBXGroup;
			children = (
				BDF68AF21B713C6200153C8D /* LaunchScreen.xib */,
				BDDB996D18C3943B003EBC42 /* Images.xcassets */,
				BD304C8218E77F7E0034105E /* Settings.bundle */,
			);
			path = Resources;
			sourceTree = "<group>";
		};
		BD4E494F1B8AC7BE004C140F /* Configuration */ = {
			isa = PBXGroup;
			children = (
				BD4E49731B8AC7DC004C140F /* jspahrsummers-xcconfigs */,
				BD4E49501B8AC7BE004C140F /* Sema-Debug.xcconfig */,
				BD4E49511B8AC7BE004C140F /* Sema-Profile.xcconfig */,
				BD4E49521B8AC7BE004C140F /* Sema-Release.xcconfig */,
				BD4E49531B8AC7BE004C140F /* Sema-Test.xcconfig */,
				BD4E49541B8AC7BE004C140F /* Sema.xcconfig */,
			);
			path = Configuration;
			sourceTree = "<group>";
		};
		BD574AFA18EA47FA00EDD66F /* Library */ = {
			isa = PBXGroup;
			children = (
			);
			path = Library;
			sourceTree = "<group>";
		};
		BD574AFB18EA47FA00EDD66F /* Models */ = {
			isa = PBXGroup;
			children = (
				1AC1D7321CD7D38000F9723A /* SEUser.h */,
				1AC1D7331CD7D38000F9723A /* SEUser.m */,
				1A5BC3EC1D0C64DB004165EE /* SEQuestion.h */,
				1A5BC3ED1D0C64DB004165EE /* SEQuestion.m */,
				1A5BC40C1D0E087B004165EE /* SEFriendship.h */,
				1A5BC40D1D0E087B004165EE /* SEFriendship.m */,
			);
			path = Models;
			sourceTree = "<group>";
		};
		BD574AFC18EA481500EDD66F /* Other Sources */ = {
			isa = PBXGroup;
			children = (
				BD4E494F1B8AC7BE004C140F /* Configuration */,
				BD934CCF19C211F600B48551 /* Generated */,
				BD35136419BE274A00A19841 /* SEConstants.h */,
				BD6951EA18EA54A800F2F410 /* Sema-Info.plist */,
				BD49EA2C18EC842B00F73350 /* Sema-Environment.h */,
			);
			name = "Other Sources";
			path = "Other-Sources";
			sourceTree = "<group>";
		};
		BD574B0318EA481500EDD66F /* Views */ = {
			isa = PBXGroup;
			children = (
				1A5BC41B1D0E9DF2004165EE /* SETableViewCell.h */,
				1A5BC41C1D0E9DF2004165EE /* SETableViewCell.m */,
			);
			path = Views;
			sourceTree = "<group>";
		};
		BD934CCF19C211F600B48551 /* Generated */ = {
			isa = PBXGroup;
			children = (
				BD934CD019C211F600B48551 /* AssetCatalogIdentifiers.h */,
				BD934CD119C211F600B48551 /* AssetCatalogIdentifiers.m */,
				BD934CD219C211F600B48551 /* StoryboardIdentifiers.h */,
				BD934CD319C211F600B48551 /* StoryboardIdentifiers.m */,
			);
			path = Generated;
			sourceTree = "<group>";
		};
		BDB71B2518EA46ED00579B97 /* Application */ = {
			isa = PBXGroup;
			children = (
				1AC1D7211CD7674300F9723A /* Environment */,
				BD574AFE18EA481500EDD66F /* Sema-Prefix.pch */,
				BD6951CE18EA4B0800F2F410 /* main.m */,
				BDDB996118C3943B003EBC42 /* SEAppDelegate.h */,
				BDDB996218C3943B003EBC42 /* SEAppDelegate.m */,
			);
			path = Application;
			sourceTree = "<group>";
		};
		BDB71B2618EA471400579B97 /* Controllers */ = {
			isa = PBXGroup;
			children = (
				1A5BC40F1D0E22BF004165EE /* Friends */,
				1A5BC4021D0DAD4E004165EE /* Splash */,
				1A5BC3F21D0C9623004165EE /* Settings */,
				1A5BC3E11D0C4F30004165EE /* AddQuestion */,
				1AB8BA7E1D0723AE00B6F698 /* Login */,
				1AB782691D05640C002E0DA6 /* Register */,
				BDDB996A18C3943B003EBC42 /* SEViewController.h */,
				BDDB996B18C3943B003EBC42 /* SEViewController.m */,
			);
			path = Controllers;
			sourceTree = "<group>";
		};
		BDDB994618C3943B003EBC42 = {
			isa = PBXGroup;
			children = (
				BDDB995818C3943B003EBC42 /* Sema */,
				BDDB997A18C3943B003EBC42 /* Specs */,
				BDDB995018C3943B003EBC42 /* Products */,
				28BFB1F90D64811C3D106467 /* Pods */,
				AD6236FA553282BAB59269F4 /* Frameworks */,
			);
			indentWidth = 4;
			sourceTree = "<group>";
			tabWidth = 4;
			usesTabs = 0;
		};
		BDDB995018C3943B003EBC42 /* Products */ = {
			isa = PBXGroup;
			children = (
				BDDB994F18C3943B003EBC42 /* Sema.app */,
				BDDB997318C3943B003EBC42 /* Specs.xctest */,
			);
			name = Products;
			sourceTree = "<group>";
		};
		BDDB995818C3943B003EBC42 /* Sema */ = {
			isa = PBXGroup;
			children = (
				1AC1D7271CD7775300F9723A /* API */,
				1AC1D7201CD762C400F9723A /* Storyboards */,
				BDB71B2618EA471400579B97 /* Controllers */,
				BD574AFB18EA47FA00EDD66F /* Models */,
				1A4439E41D05812000E96873 /* Helpers */,
				BD574AFA18EA47FA00EDD66F /* Library */,
				BD3CA8BA18D8A68600C993E0 /* Resources */,
				BD574B0318EA481500EDD66F /* Views */,
				BDB71B2518EA46ED00579B97 /* Application */,
				BD574AFC18EA481500EDD66F /* Other Sources */,
			);
			path = Sema;
			sourceTree = "<group>";
		};
		BDDB997A18C3943B003EBC42 /* Specs */ = {
			isa = PBXGroup;
			children = (
				BD304C8018E672EA0034105E /* SEDummySpec.m */,
				BDDB997B18C3943B003EBC42 /* Supporting Files */,
			);
			path = Specs;
			sourceTree = "<group>";
		};
		BDDB997B18C3943B003EBC42 /* Supporting Files */ = {
			isa = PBXGroup;
			children = (
				BDDB997C18C3943B003EBC42 /* Specs-Info.plist */,
				BD9FFD9418E66DF4001DF6EC /* Specs-Prefix.pch */,
			);
			name = "Supporting Files";
			sourceTree = "<group>";
		};
/* End PBXGroup section */

/* Begin PBXNativeTarget section */
		BDDB994E18C3943B003EBC42 /* Sema */ = {
			isa = PBXNativeTarget;
			buildConfigurationList = BDDB998418C3943B003EBC42 /* Build configuration list for PBXNativeTarget "Sema" */;
			buildPhases = (
				EADD9DFA0B4A2390A55E60D9 /* [CP] Check Pods Manifest.lock */,
				BDF4202019B8F31200FE6C13 /* Generate Storyboard Identifier File */,
				BD79800C19C0CF3E0087DCCA /* Generate Asset Catalog Identifier File */,
				BDDB994B18C3943B003EBC42 /* Sources */,
				BDDB994C18C3943B003EBC42 /* Frameworks */,
				BD36522718CE89C6009107A7 /* Increment Build Number */,
				BDDB994D18C3943B003EBC42 /* Resources */,
				BDC7F36218EBA5EE0045D4BD /* Remove Unused Localizations */,
				BD35136319BE21BD00A19841 /* Badge App Icons */,
				DB4ED46866499C7FC97B9879 /* [CP] Embed Pods Frameworks */,
				AE7962412D74E8D6E580B775 /* [CP] Copy Pods Resources */,
			);
			buildRules = (
			);
			dependencies = (
			);
			name = Sema;
			productName = Sema;
			productReference = BDDB994F18C3943B003EBC42 /* Sema.app */;
			productType = "com.apple.product-type.application";
		};
		BDDB997218C3943B003EBC42 /* Specs */ = {
			isa = PBXNativeTarget;
			buildConfigurationList = BDDB998718C3943B003EBC42 /* Build configuration list for PBXNativeTarget "Specs" */;
			buildPhases = (
				BDDB996F18C3943B003EBC42 /* Sources */,
				BDDB997018C3943B003EBC42 /* Frameworks */,
				BDDB997118C3943B003EBC42 /* Resources */,
			);
			buildRules = (
			);
			dependencies = (
				BDDB997918C3943B003EBC42 /* PBXTargetDependency */,
			);
			name = Specs;
			productName = SemaTests;
			productReference = BDDB997318C3943B003EBC42 /* Specs.xctest */;
			productType = "com.apple.product-type.bundle.unit-test";
		};
/* End PBXNativeTarget section */

/* Begin PBXProject section */
		BDDB994718C3943B003EBC42 /* Project object */ = {
			isa = PBXProject;
			attributes = {
				CLASSPREFIX = SE;
				LastUpgradeCheck = 0710;
				ORGANIZATIONNAME = "The Company";
				TargetAttributes = {
					BDDB997218C3943B003EBC42 = {
						TestTargetID = BDDB994E18C3943B003EBC42;
					};
				};
			};
			buildConfigurationList = BDDB994A18C3943B003EBC42 /* Build configuration list for PBXProject "Sema" */;
			compatibilityVersion = "Xcode 3.2";
			developmentRegion = English;
			hasScannedForEncodings = 0;
			knownRegions = (
				en,
				Base,
			);
			mainGroup = BDDB994618C3943B003EBC42;
			productRefGroup = BDDB995018C3943B003EBC42 /* Products */;
			projectDirPath = "";
			projectRoot = "";
			targets = (
				BDDB994E18C3943B003EBC42 /* Sema */,
				BDDB997218C3943B003EBC42 /* Specs */,
			);
		};
/* End PBXProject section */

/* Begin PBXResourcesBuildPhase section */
		BDDB994D18C3943B003EBC42 /* Resources */ = {
			isa = PBXResourcesBuildPhase;
			buildActionMask = 2147483647;
			files = (
				1A4439E31D05772E00E96873 /* Game.storyboard in Resources */,
				BDF68AF31B713C6200153C8D /* LaunchScreen.xib in Resources */,
				1A5BC4281D0EA1ED004165EE /* FriendshipCell.xib in Resources */,
				1AC1D7261CD773EA00F9723A /* Configuration.plist in Resources */,
				BDDB996E18C3943B003EBC42 /* Images.xcassets in Resources */,
				BD304C8318E77F7E0034105E /* Settings.bundle in Resources */,
				BDF68AF11B713C3400153C8D /* Main.storyboard in Resources */,
			);
			runOnlyForDeploymentPostprocessing = 0;
		};
		BDDB997118C3943B003EBC42 /* Resources */ = {
			isa = PBXResourcesBuildPhase;
			buildActionMask = 2147483647;
			files = (
			);
			runOnlyForDeploymentPostprocessing = 0;
		};
/* End PBXResourcesBuildPhase section */

/* Begin PBXShellScriptBuildPhase section */
		AE7962412D74E8D6E580B775 /* [CP] Copy Pods Resources */ = {
			isa = PBXShellScriptBuildPhase;
			buildActionMask = 2147483647;
			files = (
			);
			inputPaths = (
			);
			name = "[CP] Copy Pods Resources";
			outputPaths = (
			);
			runOnlyForDeploymentPostprocessing = 0;
			shellPath = /bin/sh;
			shellScript = "\"${SRCROOT}/Pods/Target Support Files/Pods-Sema/Pods-Sema-resources.sh\"\n";
			showEnvVarsInLog = 0;
		};
		BD35136319BE21BD00A19841 /* Badge App Icons */ = {
			isa = PBXShellScriptBuildPhase;
			buildActionMask = 2147483647;
			files = (
			);
			inputPaths = (
			);
			name = "Badge App Icons";
			outputPaths = (
			);
			runOnlyForDeploymentPostprocessing = 0;
			shellPath = /bin/sh;
			shellScript = "# For non-app store builds, this script badges the app's icons to indicate whether\n# the build targets staging or production, as well as its version and build number.\n# Changes are made to the icons in the products directory; the icons in your app\n# are unchanged.\n\n# As always, if this isn't to your liking, feel free to remove this build phase.\n\n\"${SRCROOT}/Scripts/BadgeIcons.py\"";
			showEnvVarsInLog = 0;
		};
		BD36522718CE89C6009107A7 /* Increment Build Number */ = {
			isa = PBXShellScriptBuildPhase;
			buildActionMask = 2147483647;
			files = (
			);
			inputPaths = (
			);
			name = "Increment Build Number";
			outputPaths = (
			);
			runOnlyForDeploymentPostprocessing = 0;
			shellPath = /bin/sh;
			shellScript = "# This script increments the build number (CFBundleVersion in the Info.plist)\n# on Ad-Hoc or Distribution builds that target real devices.\n# In the context of Amaro, that means an archive build of any scheme, or any\n# non-simulator build of the AppStore scheme.\n\n# Feel free to remove this build phase if that is not desired behavior for you.\n\n\"${SRCROOT}/Scripts/IncrementBuildNumber.py\"";
			showEnvVarsInLog = 0;
		};
		BD79800C19C0CF3E0087DCCA /* Generate Asset Catalog Identifier File */ = {
			isa = PBXShellScriptBuildPhase;
			buildActionMask = 2147483647;
			files = (
			);
			inputPaths = (
			);
			name = "Generate Asset Catalog Identifier File";
			outputPaths = (
			);
			runOnlyForDeploymentPostprocessing = 0;
			shellPath = /bin/sh;
			shellScript = "# This script walks the asset catalogs in your project and creates\n# AssetCatalogIdentifiers.{h,m} with methods for all the UIImages\n# found therein.\n# The generated files live in the Other Sources group.\n\n# If this is not desired behavior for you, or you don't use\n# asset catalogs, feel free to remove this build phase and the\n# generated files in Other Sources.\n\n\"${SRCROOT}/Scripts/GenerateAssetCatalogIDs.py\"";
			showEnvVarsInLog = 0;
		};
		BDC7F36218EBA5EE0045D4BD /* Remove Unused Localizations */ = {
			isa = PBXShellScriptBuildPhase;
			buildActionMask = 2147483647;
			files = (
			);
			inputPaths = (
			);
			name = "Remove Unused Localizations";
			outputPaths = (
			);
			runOnlyForDeploymentPostprocessing = 0;
			shellPath = /bin/sh;
			shellScript = "# This removes localization files for regions which you haven't explicitly localized\n# in the project settings. This is to work around an issue with pods that include\n# localizations for many languages, and the subsequent misreading of those files\n# by iTunes Connect.\n# See this GitHub issue for more details and other workarounds:\n# https://github.com/mattt/FormatterKit/issues/88\n\n# Feel free to remove this build phase if that problem doesn't apply to you,\n# though leaving it in should be harmless.\n\n\"${SRCROOT}/Scripts/RemoveUnusedLocalizations.py\"";
			showEnvVarsInLog = 0;
		};
		BDF4202019B8F31200FE6C13 /* Generate Storyboard Identifier File */ = {
			isa = PBXShellScriptBuildPhase;
			buildActionMask = 2147483647;
			files = (
			);
			inputPaths = (
			);
			name = "Generate Storyboard Identifier File";
			outputPaths = (
			);
			runOnlyForDeploymentPostprocessing = 0;
			shellPath = /bin/sh;
			shellScript = "# This script walks the storyboards in your project and creates\n# StoryboardIdentifiers.{h,m} with constants for all the segue,\n# reuse, restoration, and storyboard identifiers.\n# The generated files live in the Other Sources group.\n\n# If this is not desired behavior for you, or you don't use\n# storyboards, feel free to remove this build phase and the\n# generated files in Other Sources.\n\n# If you would like constants generated for restoration IDs,\n# uncomment this line:\n#export NEED_RESTORATION_IDS=1\n\n\"${SRCROOT}/Scripts/GenerateStoryboardIDs.py\"";
			showEnvVarsInLog = 0;
		};
		DB4ED46866499C7FC97B9879 /* [CP] Embed Pods Frameworks */ = {
			isa = PBXShellScriptBuildPhase;
			buildActionMask = 2147483647;
			files = (
			);
			inputPaths = (
			);
			name = "[CP] Embed Pods Frameworks";
			outputPaths = (
			);
			runOnlyForDeploymentPostprocessing = 0;
			shellPath = /bin/sh;
			shellScript = "\"${SRCROOT}/Pods/Target Support Files/Pods-Sema/Pods-Sema-frameworks.sh\"\n";
			showEnvVarsInLog = 0;
		};
		EADD9DFA0B4A2390A55E60D9 /* [CP] Check Pods Manifest.lock */ = {
			isa = PBXShellScriptBuildPhase;
			buildActionMask = 2147483647;
			files = (
			);
			inputPaths = (
			);
			name = "[CP] Check Pods Manifest.lock";
			outputPaths = (
			);
			runOnlyForDeploymentPostprocessing = 0;
			shellPath = /bin/sh;
			shellScript = "diff \"${PODS_ROOT}/../Podfile.lock\" \"${PODS_ROOT}/Manifest.lock\" > /dev/null\nif [[ $? != 0 ]] ; then\n    cat << EOM\nerror: The sandbox is not in sync with the Podfile.lock. Run 'pod install' or update your CocoaPods installation.\nEOM\n    exit 1\nfi\n";
			showEnvVarsInLog = 0;
		};
/* End PBXShellScriptBuildPhase section */

/* Begin PBXSourcesBuildPhase section */
		BDDB994B18C3943B003EBC42 /* Sources */ = {
			isa = PBXSourcesBuildPhase;
			buildActionMask = 2147483647;
			files = (
				1AC1D72D1CD777B900F9723A /* SEApiClient.m in Sources */,
				1AC188A61D04547400FB5B3E /* SERegisterViewController.m in Sources */,
				1A5BC4161D0E244B004165EE /* SEFriendshipViewModel.m in Sources */,
				1A5BC41D1D0E9DF2004165EE /* SETableViewCell.m in Sources */,
				1AC1D7431CD7E07900F9723A /* SEUserSerializer.m in Sources */,
				BDDB996318C3943B003EBC42 /* SEAppDelegate.m in Sources */,
				BD934CD419C211F600B48551 /* AssetCatalogIdentifiers.m in Sources */,
				1A5BC3E41D0C5119004165EE /* SEAddQuestionViewController.m in Sources */,
				1A5BC3FE1D0D94F1004165EE /* SEEditProfileViewController.m in Sources */,
				1A4439E81D05881C00E96873 /* SESessionOperationsDispatcher.m in Sources */,
				1A5BC40E1D0E087B004165EE /* SEFriendship.m in Sources */,
				1AC1D7311CD7D23A00F9723A /* SERequests.m in Sources */,
				1A5BC3E81D0C513E004165EE /* SEAddQuestionViewModel.m in Sources */,
				1AB8BA7D1D06DA5800B6F698 /* SEAccount.m in Sources */,
				1AC1D7401CD7DDBB00F9723A /* SEJSONResponseSerializer.m in Sources */,
				1AC188A31D04541C00FB5B3E /* SELoginViewController.m in Sources */,
				1A5BC4011D0D9505004165EE /* SEEditProfileViewModel.m in Sources */,
				1AC1D73D1CD7D8F700F9723A /* SERegisterUserParams.m in Sources */,
				1A5BC3F91D0C966A004165EE /* SESettingsViewModel.m in Sources */,
				1A5BC3EB1D0C6436004165EE /* SEQuestionSerializer.m in Sources */,
				1AB7826D1D0566DD002E0DA6 /* SERegisterViewModel.m in Sources */,
				BD934CD519C211F600B48551 /* StoryboardIdentifiers.m in Sources */,
				1A5BC42F1D0EB99B004165EE /* SEFriendshipsService.m in Sources */,
				1A5BC4121D0E22DF004165EE /* SEFriendshipsViewControllerTableViewController.m in Sources */,
				1AB8BA7A1D06D94800B6F698 /* UIAlertController+Errors.m in Sources */,
				1A5BC4261D0EA1C9004165EE /* SEFriendshipCell.m in Sources */,
				1A5BC3F51D0C9647004165EE /* SESettingsViewController.m in Sources */,
				1A5BC4051D0DAD7D004165EE /* SESplashViewController.m in Sources */,
				1AB8BA771D06D27F00B6F698 /* NSString+Validation.m in Sources */,
				BD6951CF18EA4B0800F2F410 /* main.m in Sources */,
				1A5BC3E01D0C491E004165EE /* SENewQuestionParams.m in Sources */,
				1A5BC42B1D0EA55B004165EE /* SEFriendshipCellViewModel.m in Sources */,
				BDDB996C18C3943B003EBC42 /* SEViewController.m in Sources */,
				1A5BC3EE1D0C64DB004165EE /* SEQuestion.m in Sources */,
				1AC1D7341CD7D38000F9723A /* SEUser.m in Sources */,
				1A5BC3F11D0C6A77004165EE /* SEQuestionOperationsDispatcher.m in Sources */,
				1A5BC40B1D0E062F004165EE /* SEFriendshipsSerializer.m in Sources */,
				1AB8BA821D0723D600B6F698 /* SELoginViewModel.m in Sources */,
				1AC1D73A1CD7D63C00F9723A /* SELoginUserParams.m in Sources */,
				1A5BC4081D0DB593004165EE /* SEUserOperationsDispatcher.m in Sources */,
				1AC1D7241CD7678A00F9723A /* SEEnvironment.m in Sources */,
			);
			runOnlyForDeploymentPostprocessing = 0;
		};
		BDDB996F18C3943B003EBC42 /* Sources */ = {
			isa = PBXSourcesBuildPhase;
			buildActionMask = 2147483647;
			files = (
				BD304C8118E672EA0034105E /* SEDummySpec.m in Sources */,
			);
			runOnlyForDeploymentPostprocessing = 0;
		};
/* End PBXSourcesBuildPhase section */

/* Begin PBXTargetDependency section */
		BDDB997918C3943B003EBC42 /* PBXTargetDependency */ = {
			isa = PBXTargetDependency;
			target = BDDB994E18C3943B003EBC42 /* Sema */;
			targetProxy = BDDB997818C3943B003EBC42 /* PBXContainerItemProxy */;
		};
/* End PBXTargetDependency section */

/* Begin XCBuildConfiguration section */
		BD49EA2018EC611D00F73350 /* Debug_Production */ = {
			isa = XCBuildConfiguration;
			baseConfigurationReference = BD4E49501B8AC7BE004C140F /* Sema-Debug.xcconfig */;
			buildSettings = {
				ENABLE_TESTABILITY = YES;
				IPHONEOS_DEPLOYMENT_TARGET = 8.0;
				SDKROOT = iphoneos;
				TARGETED_DEVICE_FAMILY = "1,2";
			};
			name = Debug_Production;
		};
		BD49EA2118EC611D00F73350 /* Debug_Production */ = {
			isa = XCBuildConfiguration;
			baseConfigurationReference = 90215170E45C9E0161A1E3D2 /* Pods-Sema.debug_production.xcconfig */;
			buildSettings = {
				ASSETCATALOG_COMPILER_APPICON_NAME = AppIcon;
				BUNDLE_ID_SUFFIX = .prod;
				BUNDLE_NAME_SUFFIX = " (Prod)";
				CODE_SIGN_IDENTITY = "iPhone Developer";
				GCC_PRECOMPILE_PREFIX_HEADER = YES;
				GCC_PREFIX_HEADER = "Sema/Application/Sema-Prefix.pch";
				INFOPLIST_FILE = "Sema/Other-Sources/Sema-Info.plist";
				IPHONEOS_DEPLOYMENT_TARGET = 9.0;
				PRODUCT_BUNDLE_IDENTIFIER = "com.thecompany.${PRODUCT_NAME:rfc1034identifier:lower}${BUNDLE_ID_SUFFIX}";
				PRODUCT_NAME = "$(TARGET_NAME)";
			};
			name = Debug_Production;
		};
		BD49EA2218EC611D00F73350 /* Debug_Production */ = {
			isa = XCBuildConfiguration;
			buildSettings = {
				BUNDLE_LOADER = "$(BUILT_PRODUCTS_DIR)/Sema.app/Sema";
				FRAMEWORK_SEARCH_PATHS = (
					"$(SDKROOT)/Developer/Library/Frameworks",
					"$(inherited)",
					"$(DEVELOPER_FRAMEWORKS_DIR)",
				);
				GCC_PRECOMPILE_PREFIX_HEADER = YES;
				GCC_PREFIX_HEADER = "Specs/Specs-Prefix.pch";
				INFOPLIST_FILE = "Specs/Specs-Info.plist";
				PRODUCT_BUNDLE_IDENTIFIER = "com.thecompany.${PRODUCT_NAME:rfc1034identifier}";
				PRODUCT_NAME = "$(TARGET_NAME)";
				TEST_HOST = "$(BUNDLE_LOADER)";
				WRAPPER_EXTENSION = xctest;
			};
			name = Debug_Production;
		};
		BD49EA2318EC612E00F73350 /* Test_Production */ = {
			isa = XCBuildConfiguration;
			baseConfigurationReference = BD4E49531B8AC7BE004C140F /* Sema-Test.xcconfig */;
			buildSettings = {
				IPHONEOS_DEPLOYMENT_TARGET = 8.0;
				SDKROOT = iphoneos;
				TARGETED_DEVICE_FAMILY = "1,2";
			};
			name = Test_Production;
		};
		BD49EA2418EC612E00F73350 /* Test_Production */ = {
			isa = XCBuildConfiguration;
			baseConfigurationReference = 651157A0406A01719D20471F /* Pods-Sema.test_production.xcconfig */;
			buildSettings = {
				ASSETCATALOG_COMPILER_APPICON_NAME = AppIcon;
				BUNDLE_ID_SUFFIX = .prod;
				BUNDLE_NAME_SUFFIX = " (Prod)";
				CODE_SIGN_IDENTITY = "iPhone Developer";
				GCC_PRECOMPILE_PREFIX_HEADER = YES;
				GCC_PREFIX_HEADER = "Sema/Application/Sema-Prefix.pch";
				INFOPLIST_FILE = "Sema/Other-Sources/Sema-Info.plist";
				IPHONEOS_DEPLOYMENT_TARGET = 9.0;
				PRODUCT_BUNDLE_IDENTIFIER = "com.thecompany.${PRODUCT_NAME:rfc1034identifier:lower}${BUNDLE_ID_SUFFIX}";
				PRODUCT_NAME = "$(TARGET_NAME)";
			};
			name = Test_Production;
		};
		BD49EA2518EC612E00F73350 /* Test_Production */ = {
			isa = XCBuildConfiguration;
			buildSettings = {
				BUNDLE_LOADER = "$(BUILT_PRODUCTS_DIR)/Sema.app/Sema";
				FRAMEWORK_SEARCH_PATHS = (
					"$(SDKROOT)/Developer/Library/Frameworks",
					"$(inherited)",
					"$(DEVELOPER_FRAMEWORKS_DIR)",
				);
				GCC_PRECOMPILE_PREFIX_HEADER = YES;
				GCC_PREFIX_HEADER = "Specs/Specs-Prefix.pch";
				INFOPLIST_FILE = "Specs/Specs-Info.plist";
				PRODUCT_BUNDLE_IDENTIFIER = "com.thecompany.${PRODUCT_NAME:rfc1034identifier}";
				PRODUCT_NAME = "$(TARGET_NAME)";
				TEST_HOST = "$(BUNDLE_LOADER)";
				WRAPPER_EXTENSION = xctest;
			};
			name = Test_Production;
		};
		BD49EA2618EC614F00F73350 /* AdHoc_Production */ = {
			isa = XCBuildConfiguration;
			baseConfigurationReference = BD4E49521B8AC7BE004C140F /* Sema-Release.xcconfig */;
			buildSettings = {
				IPHONEOS_DEPLOYMENT_TARGET = 8.0;
				SDKROOT = iphoneos;
				TARGETED_DEVICE_FAMILY = "1,2";
			};
			name = AdHoc_Production;
		};
		BD49EA2718EC614F00F73350 /* AdHoc_Production */ = {
			isa = XCBuildConfiguration;
			baseConfigurationReference = 65D6C5A3F357B669F53D9728 /* Pods-Sema.adhoc_production.xcconfig */;
			buildSettings = {
				ASSETCATALOG_COMPILER_APPICON_NAME = AppIcon;
				BUNDLE_ID_SUFFIX = .prod;
				BUNDLE_NAME_SUFFIX = " (Prod)";
				CODE_SIGN_IDENTITY = "iPhone Distribution";
				GCC_PRECOMPILE_PREFIX_HEADER = YES;
				GCC_PREFIX_HEADER = "Sema/Application/Sema-Prefix.pch";
				INFOPLIST_FILE = "Sema/Other-Sources/Sema-Info.plist";
				IPHONEOS_DEPLOYMENT_TARGET = 9.0;
				PRODUCT_BUNDLE_IDENTIFIER = "com.thecompany.${PRODUCT_NAME:rfc1034identifier:lower}${BUNDLE_ID_SUFFIX}";
				PRODUCT_NAME = "$(TARGET_NAME)";
			};
			name = AdHoc_Production;
		};
		BD49EA2818EC614F00F73350 /* AdHoc_Production */ = {
			isa = XCBuildConfiguration;
			buildSettings = {
				BUNDLE_LOADER = "$(BUILT_PRODUCTS_DIR)/Sema.app/Sema";
				FRAMEWORK_SEARCH_PATHS = (
					"$(SDKROOT)/Developer/Library/Frameworks",
					"$(inherited)",
					"$(DEVELOPER_FRAMEWORKS_DIR)",
				);
				GCC_PRECOMPILE_PREFIX_HEADER = YES;
				GCC_PREFIX_HEADER = "Specs/Specs-Prefix.pch";
				INFOPLIST_FILE = "Specs/Specs-Info.plist";
				PRODUCT_BUNDLE_IDENTIFIER = "com.thecompany.${PRODUCT_NAME:rfc1034identifier}";
				PRODUCT_NAME = "$(TARGET_NAME)";
				TEST_HOST = "$(BUNDLE_LOADER)";
				WRAPPER_EXTENSION = xctest;
			};
			name = AdHoc_Production;
		};
		BD49EA2918EC62DD00F73350 /* Profile_Production */ = {
			isa = XCBuildConfiguration;
			baseConfigurationReference = BD4E49511B8AC7BE004C140F /* Sema-Profile.xcconfig */;
			buildSettings = {
				IPHONEOS_DEPLOYMENT_TARGET = 8.0;
				SDKROOT = iphoneos;
				TARGETED_DEVICE_FAMILY = "1,2";
			};
			name = Profile_Production;
		};
		BD49EA2A18EC62DD00F73350 /* Profile_Production */ = {
			isa = XCBuildConfiguration;
			baseConfigurationReference = E6BAB3FAA275333377BA6AB7 /* Pods-Sema.profile_production.xcconfig */;
			buildSettings = {
				ASSETCATALOG_COMPILER_APPICON_NAME = AppIcon;
				BUNDLE_ID_SUFFIX = .prod;
				BUNDLE_NAME_SUFFIX = " (Prod)";
				CODE_SIGN_IDENTITY = "iPhone Developer";
				GCC_PRECOMPILE_PREFIX_HEADER = YES;
				GCC_PREFIX_HEADER = "Sema/Application/Sema-Prefix.pch";
				INFOPLIST_FILE = "Sema/Other-Sources/Sema-Info.plist";
				IPHONEOS_DEPLOYMENT_TARGET = 9.0;
				PRODUCT_BUNDLE_IDENTIFIER = "com.thecompany.${PRODUCT_NAME:rfc1034identifier:lower}${BUNDLE_ID_SUFFIX}";
				PRODUCT_NAME = "$(TARGET_NAME)";
			};
			name = Profile_Production;
		};
		BD49EA2B18EC62DD00F73350 /* Profile_Production */ = {
			isa = XCBuildConfiguration;
			buildSettings = {
				BUNDLE_LOADER = "$(BUILT_PRODUCTS_DIR)/Sema.app/Sema";
				FRAMEWORK_SEARCH_PATHS = (
					"$(SDKROOT)/Developer/Library/Frameworks",
					"$(inherited)",
					"$(DEVELOPER_FRAMEWORKS_DIR)",
				);
				GCC_PRECOMPILE_PREFIX_HEADER = YES;
				GCC_PREFIX_HEADER = "Specs/Specs-Prefix.pch";
				INFOPLIST_FILE = "Specs/Specs-Info.plist";
				PRODUCT_BUNDLE_IDENTIFIER = "com.thecompany.${PRODUCT_NAME:rfc1034identifier}";
				PRODUCT_NAME = "$(TARGET_NAME)";
				TEST_HOST = "$(BUNDLE_LOADER)";
				WRAPPER_EXTENSION = xctest;
			};
			name = Profile_Production;
		};
		BDD67CDB18DFAB85008ECBBD /* AdHoc_Staging */ = {
			isa = XCBuildConfiguration;
			baseConfigurationReference = BD4E49521B8AC7BE004C140F /* Sema-Release.xcconfig */;
			buildSettings = {
				IPHONEOS_DEPLOYMENT_TARGET = 8.0;
				SDKROOT = iphoneos;
				TARGETED_DEVICE_FAMILY = "1,2";
			};
			name = AdHoc_Staging;
		};
		BDD67CDC18DFAB85008ECBBD /* AdHoc_Staging */ = {
			isa = XCBuildConfiguration;
			baseConfigurationReference = 734A6695A19D8ACA6D52F59A /* Pods-Sema.adhoc_staging.xcconfig */;
			buildSettings = {
				ASSETCATALOG_COMPILER_APPICON_NAME = AppIcon;
				BUNDLE_ID_SUFFIX = .staging;
				BUNDLE_NAME_SUFFIX = " (Staging)";
				CODE_SIGN_IDENTITY = "iPhone Distribution";
				GCC_PRECOMPILE_PREFIX_HEADER = YES;
				GCC_PREFIX_HEADER = "Sema/Application/Sema-Prefix.pch";
				INFOPLIST_FILE = "Sema/Other-Sources/Sema-Info.plist";
				IPHONEOS_DEPLOYMENT_TARGET = 9.0;
				PRODUCT_BUNDLE_IDENTIFIER = "com.thecompany.${PRODUCT_NAME:rfc1034identifier:lower}${BUNDLE_ID_SUFFIX}";
				PRODUCT_NAME = "$(TARGET_NAME)";
			};
			name = AdHoc_Staging;
		};
		BDD67CDD18DFAB85008ECBBD /* AdHoc_Staging */ = {
			isa = XCBuildConfiguration;
			buildSettings = {
				BUNDLE_LOADER = "$(BUILT_PRODUCTS_DIR)/Sema.app/Sema";
				FRAMEWORK_SEARCH_PATHS = (
					"$(SDKROOT)/Developer/Library/Frameworks",
					"$(inherited)",
					"$(DEVELOPER_FRAMEWORKS_DIR)",
				);
				GCC_PRECOMPILE_PREFIX_HEADER = YES;
				GCC_PREFIX_HEADER = "Specs/Specs-Prefix.pch";
				INFOPLIST_FILE = "Specs/Specs-Info.plist";
				PRODUCT_BUNDLE_IDENTIFIER = "com.thecompany.${PRODUCT_NAME:rfc1034identifier}";
				PRODUCT_NAME = "$(TARGET_NAME)";
				TEST_HOST = "$(BUNDLE_LOADER)";
				WRAPPER_EXTENSION = xctest;
			};
			name = AdHoc_Staging;
		};
		BDDB998218C3943B003EBC42 /* Debug_Staging */ = {
			isa = XCBuildConfiguration;
			baseConfigurationReference = BD4E49501B8AC7BE004C140F /* Sema-Debug.xcconfig */;
			buildSettings = {
				ENABLE_TESTABILITY = YES;
				IPHONEOS_DEPLOYMENT_TARGET = 8.0;
				SDKROOT = iphoneos;
				TARGETED_DEVICE_FAMILY = "1,2";
			};
			name = Debug_Staging;
		};
		BDDB998318C3943B003EBC42 /* Distribution */ = {
			isa = XCBuildConfiguration;
			baseConfigurationReference = BD4E49521B8AC7BE004C140F /* Sema-Release.xcconfig */;
			buildSettings = {
				IPHONEOS_DEPLOYMENT_TARGET = 8.0;
				SDKROOT = iphoneos;
				TARGETED_DEVICE_FAMILY = "1,2";
			};
			name = Distribution;
		};
		BDDB998518C3943B003EBC42 /* Debug_Staging */ = {
			isa = XCBuildConfiguration;
			baseConfigurationReference = 6AA66E91665142ABE23F0AB7 /* Pods-Sema.debug_staging.xcconfig */;
			buildSettings = {
				ASSETCATALOG_COMPILER_APPICON_NAME = AppIcon;
				BUNDLE_ID_SUFFIX = .staging;
				BUNDLE_NAME_SUFFIX = " (Staging)";
				CODE_SIGN_IDENTITY = "iPhone Developer";
				GCC_PRECOMPILE_PREFIX_HEADER = YES;
				GCC_PREFIX_HEADER = "Sema/Application/Sema-Prefix.pch";
				INFOPLIST_FILE = "Sema/Other-Sources/Sema-Info.plist";
				IPHONEOS_DEPLOYMENT_TARGET = 9.0;
				PRODUCT_BUNDLE_IDENTIFIER = "com.thecompany.${PRODUCT_NAME:rfc1034identifier:lower}${BUNDLE_ID_SUFFIX}";
				PRODUCT_NAME = "$(TARGET_NAME)";
			};
			name = Debug_Staging;
		};
		BDDB998618C3943B003EBC42 /* Distribution */ = {
			isa = XCBuildConfiguration;
			baseConfigurationReference = D9F8268D5065351F0F5CBBE1 /* Pods-Sema.distribution.xcconfig */;
			buildSettings = {
				ASSETCATALOG_COMPILER_APPICON_NAME = AppIcon;
				BUNDLE_ID_SUFFIX = "";
				BUNDLE_NAME_SUFFIX = "";
				CODE_SIGN_IDENTITY = "iPhone Distribution";
				GCC_PRECOMPILE_PREFIX_HEADER = YES;
				GCC_PREFIX_HEADER = "Sema/Application/Sema-Prefix.pch";
				INFOPLIST_FILE = "Sema/Other-Sources/Sema-Info.plist";
				IPHONEOS_DEPLOYMENT_TARGET = 9.0;
				PRODUCT_BUNDLE_IDENTIFIER = "com.thecompany.${PRODUCT_NAME:rfc1034identifier:lower}${BUNDLE_ID_SUFFIX}";
				PRODUCT_NAME = "$(TARGET_NAME)";
			};
			name = Distribution;
		};
		BDDB998818C3943B003EBC42 /* Debug_Staging */ = {
			isa = XCBuildConfiguration;
			buildSettings = {
				BUNDLE_LOADER = "$(BUILT_PRODUCTS_DIR)/Sema.app/Sema";
				FRAMEWORK_SEARCH_PATHS = (
					"$(SDKROOT)/Developer/Library/Frameworks",
					"$(inherited)",
					"$(DEVELOPER_FRAMEWORKS_DIR)",
				);
				GCC_PRECOMPILE_PREFIX_HEADER = YES;
				GCC_PREFIX_HEADER = "Specs/Specs-Prefix.pch";
				INFOPLIST_FILE = "Specs/Specs-Info.plist";
				PRODUCT_BUNDLE_IDENTIFIER = "com.thecompany.${PRODUCT_NAME:rfc1034identifier}";
				PRODUCT_NAME = "$(TARGET_NAME)";
				TEST_HOST = "$(BUNDLE_LOADER)";
				WRAPPER_EXTENSION = xctest;
			};
			name = Debug_Staging;
		};
		BDDB998918C3943B003EBC42 /* Distribution */ = {
			isa = XCBuildConfiguration;
			buildSettings = {
				BUNDLE_LOADER = "$(BUILT_PRODUCTS_DIR)/Sema.app/Sema";
				FRAMEWORK_SEARCH_PATHS = (
					"$(SDKROOT)/Developer/Library/Frameworks",
					"$(inherited)",
					"$(DEVELOPER_FRAMEWORKS_DIR)",
				);
				GCC_PRECOMPILE_PREFIX_HEADER = YES;
				GCC_PREFIX_HEADER = "Specs/Specs-Prefix.pch";
				INFOPLIST_FILE = "Specs/Specs-Info.plist";
				PRODUCT_BUNDLE_IDENTIFIER = "com.thecompany.${PRODUCT_NAME:rfc1034identifier}";
				PRODUCT_NAME = "$(TARGET_NAME)";
				TEST_HOST = "$(BUNDLE_LOADER)";
				WRAPPER_EXTENSION = xctest;
			};
			name = Distribution;
		};
		BDF1757A18C3986D008BD9C6 /* Profile_Staging */ = {
			isa = XCBuildConfiguration;
			baseConfigurationReference = BD4E49511B8AC7BE004C140F /* Sema-Profile.xcconfig */;
			buildSettings = {
				IPHONEOS_DEPLOYMENT_TARGET = 8.0;
				SDKROOT = iphoneos;
				TARGETED_DEVICE_FAMILY = "1,2";
			};
			name = Profile_Staging;
		};
		BDF1757B18C3986D008BD9C6 /* Profile_Staging */ = {
			isa = XCBuildConfiguration;
			baseConfigurationReference = 76299427AD6DF8A84EEA0FC4 /* Pods-Sema.profile_staging.xcconfig */;
			buildSettings = {
				ASSETCATALOG_COMPILER_APPICON_NAME = AppIcon;
				BUNDLE_ID_SUFFIX = .staging;
				BUNDLE_NAME_SUFFIX = " (Staging)";
				CODE_SIGN_IDENTITY = "iPhone Developer";
				GCC_PRECOMPILE_PREFIX_HEADER = YES;
				GCC_PREFIX_HEADER = "Sema/Application/Sema-Prefix.pch";
				INFOPLIST_FILE = "Sema/Other-Sources/Sema-Info.plist";
				IPHONEOS_DEPLOYMENT_TARGET = 9.0;
				PRODUCT_BUNDLE_IDENTIFIER = "com.thecompany.${PRODUCT_NAME:rfc1034identifier:lower}${BUNDLE_ID_SUFFIX}";
				PRODUCT_NAME = "$(TARGET_NAME)";
			};
			name = Profile_Staging;
		};
		BDF1757C18C3986D008BD9C6 /* Profile_Staging */ = {
			isa = XCBuildConfiguration;
			buildSettings = {
				BUNDLE_LOADER = "$(BUILT_PRODUCTS_DIR)/Sema.app/Sema";
				FRAMEWORK_SEARCH_PATHS = (
					"$(SDKROOT)/Developer/Library/Frameworks",
					"$(inherited)",
					"$(DEVELOPER_FRAMEWORKS_DIR)",
				);
				GCC_PRECOMPILE_PREFIX_HEADER = YES;
				GCC_PREFIX_HEADER = "Specs/Specs-Prefix.pch";
				INFOPLIST_FILE = "Specs/Specs-Info.plist";
				PRODUCT_BUNDLE_IDENTIFIER = "com.thecompany.${PRODUCT_NAME:rfc1034identifier}";
				PRODUCT_NAME = "$(TARGET_NAME)";
				TEST_HOST = "$(BUNDLE_LOADER)";
				WRAPPER_EXTENSION = xctest;
			};
			name = Profile_Staging;
		};
		BDF1757D18C39BD3008BD9C6 /* Test_Staging */ = {
			isa = XCBuildConfiguration;
			baseConfigurationReference = BD4E49531B8AC7BE004C140F /* Sema-Test.xcconfig */;
			buildSettings = {
				IPHONEOS_DEPLOYMENT_TARGET = 8.0;
				SDKROOT = iphoneos;
				TARGETED_DEVICE_FAMILY = "1,2";
			};
			name = Test_Staging;
		};
		BDF1757E18C39BD3008BD9C6 /* Test_Staging */ = {
			isa = XCBuildConfiguration;
			baseConfigurationReference = 629D431888F0A369A9259832 /* Pods-Sema.test_staging.xcconfig */;
			buildSettings = {
				ASSETCATALOG_COMPILER_APPICON_NAME = AppIcon;
				BUNDLE_ID_SUFFIX = .staging;
				BUNDLE_NAME_SUFFIX = " (Staging)";
				CODE_SIGN_IDENTITY = "iPhone Developer";
				GCC_PRECOMPILE_PREFIX_HEADER = YES;
				GCC_PREFIX_HEADER = "Sema/Application/Sema-Prefix.pch";
				INFOPLIST_FILE = "Sema/Other-Sources/Sema-Info.plist";
				IPHONEOS_DEPLOYMENT_TARGET = 9.0;
				PRODUCT_BUNDLE_IDENTIFIER = "com.thecompany.${PRODUCT_NAME:rfc1034identifier:lower}${BUNDLE_ID_SUFFIX}";
				PRODUCT_NAME = "$(TARGET_NAME)";
			};
			name = Test_Staging;
		};
		BDF1757F18C39BD3008BD9C6 /* Test_Staging */ = {
			isa = XCBuildConfiguration;
			buildSettings = {
				BUNDLE_LOADER = "$(BUILT_PRODUCTS_DIR)/Sema.app/Sema";
				FRAMEWORK_SEARCH_PATHS = (
					"$(SDKROOT)/Developer/Library/Frameworks",
					"$(inherited)",
					"$(DEVELOPER_FRAMEWORKS_DIR)",
				);
				GCC_PRECOMPILE_PREFIX_HEADER = YES;
				GCC_PREFIX_HEADER = "Specs/Specs-Prefix.pch";
				INFOPLIST_FILE = "Specs/Specs-Info.plist";
				PRODUCT_BUNDLE_IDENTIFIER = "com.thecompany.${PRODUCT_NAME:rfc1034identifier}";
				PRODUCT_NAME = "$(TARGET_NAME)";
				TEST_HOST = "$(BUNDLE_LOADER)";
				WRAPPER_EXTENSION = xctest;
			};
			name = Test_Staging;
		};
/* End XCBuildConfiguration section */

/* Begin XCConfigurationList section */
		BDDB994A18C3943B003EBC42 /* Build configuration list for PBXProject "Sema" */ = {
			isa = XCConfigurationList;
			buildConfigurations = (
				BDDB998218C3943B003EBC42 /* Debug_Staging */,
				BD49EA2018EC611D00F73350 /* Debug_Production */,
				BDF1757D18C39BD3008BD9C6 /* Test_Staging */,
				BD49EA2318EC612E00F73350 /* Test_Production */,
				BDDB998318C3943B003EBC42 /* Distribution */,
				BDD67CDB18DFAB85008ECBBD /* AdHoc_Staging */,
				BD49EA2618EC614F00F73350 /* AdHoc_Production */,
				BDF1757A18C3986D008BD9C6 /* Profile_Staging */,
				BD49EA2918EC62DD00F73350 /* Profile_Production */,
			);
			defaultConfigurationIsVisible = 0;
			defaultConfigurationName = Distribution;
		};
		BDDB998418C3943B003EBC42 /* Build configuration list for PBXNativeTarget "Sema" */ = {
			isa = XCConfigurationList;
			buildConfigurations = (
				BDDB998518C3943B003EBC42 /* Debug_Staging */,
				BD49EA2118EC611D00F73350 /* Debug_Production */,
				BDF1757E18C39BD3008BD9C6 /* Test_Staging */,
				BD49EA2418EC612E00F73350 /* Test_Production */,
				BDDB998618C3943B003EBC42 /* Distribution */,
				BDD67CDC18DFAB85008ECBBD /* AdHoc_Staging */,
				BD49EA2718EC614F00F73350 /* AdHoc_Production */,
				BDF1757B18C3986D008BD9C6 /* Profile_Staging */,
				BD49EA2A18EC62DD00F73350 /* Profile_Production */,
			);
			defaultConfigurationIsVisible = 0;
			defaultConfigurationName = Distribution;
		};
		BDDB998718C3943B003EBC42 /* Build configuration list for PBXNativeTarget "Specs" */ = {
			isa = XCConfigurationList;
			buildConfigurations = (
				BDDB998818C3943B003EBC42 /* Debug_Staging */,
				BD49EA2218EC611D00F73350 /* Debug_Production */,
				BDF1757F18C39BD3008BD9C6 /* Test_Staging */,
				BD49EA2518EC612E00F73350 /* Test_Production */,
				BDDB998918C3943B003EBC42 /* Distribution */,
				BDD67CDD18DFAB85008ECBBD /* AdHoc_Staging */,
				BD49EA2818EC614F00F73350 /* AdHoc_Production */,
				BDF1757C18C3986D008BD9C6 /* Profile_Staging */,
				BD49EA2B18EC62DD00F73350 /* Profile_Production */,
			);
			defaultConfigurationIsVisible = 0;
			defaultConfigurationName = Distribution;
		};
/* End XCConfigurationList section */
	};
	rootObject = BDDB994718C3943B003EBC42 /* Project object */;
}
